// !$*UTF8*$!
{
	archiveVersion = 1;
	classes = {
	};
	objectVersion = 51;
	objects = {

/* Begin PBXBuildFile section */
		748DE040DB4ED69F2CBF3364 /* libPods-KairosUITests.a in Frameworks */ = {isa = PBXBuildFile; fileRef = 81625AAC4D831A83F8A86F6E /* libPods-KairosUITests.a */; };
		90F205A5D05AFFB4191480F9 /* Pods_Kairos.framework in Frameworks */ = {isa = PBXBuildFile; fileRef = C10E55DC47D9BFDF6960B90F /* Pods_Kairos.framework */; };
		DC104668249EDB8500750691 /* SpotReviewService.swift in Sources */ = {isa = PBXBuildFile; fileRef = DC104667249EDB8500750691 /* SpotReviewService.swift */; };
		DC10466B249EE71C00750691 /* SpotDetailView.swift in Sources */ = {isa = PBXBuildFile; fileRef = DC10466A249EE71C00750691 /* SpotDetailView.swift */; };
		DC10466D249EE78000750691 /* SpotDetailInteractor.swift in Sources */ = {isa = PBXBuildFile; fileRef = DC10466C249EE78000750691 /* SpotDetailInteractor.swift */; };
		DC10466F249EE79C00750691 /* SpotDetailPresenter.swift in Sources */ = {isa = PBXBuildFile; fileRef = DC10466E249EE79C00750691 /* SpotDetailPresenter.swift */; };
		DC104671249EE7AA00750691 /* SpotDetailRouter.swift in Sources */ = {isa = PBXBuildFile; fileRef = DC104670249EE7AA00750691 /* SpotDetailRouter.swift */; };
		DC104673249EEADD00750691 /* SpotData.swift in Sources */ = {isa = PBXBuildFile; fileRef = DC104672249EEADD00750691 /* SpotData.swift */; };
		DC104676249EEE8B00750691 /* SpotModel.swift in Sources */ = {isa = PBXBuildFile; fileRef = DC104675249EEE8B00750691 /* SpotModel.swift */; };
		DC38806224CF9D6800AA8D67 /* SpotSearchRouter.swift in Sources */ = {isa = PBXBuildFile; fileRef = DC38806124CF9D6800AA8D67 /* SpotSearchRouter.swift */; };
		DC38806424CFA02700AA8D67 /* SpotSearchView.swift in Sources */ = {isa = PBXBuildFile; fileRef = DC38806324CFA02700AA8D67 /* SpotSearchView.swift */; };
		DC390850242C6ABA00506DA3 /* AppDelegate.swift in Sources */ = {isa = PBXBuildFile; fileRef = DC39084F242C6ABA00506DA3 /* AppDelegate.swift */; };
		DC390852242C6ABA00506DA3 /* SceneDelegate.swift in Sources */ = {isa = PBXBuildFile; fileRef = DC390851242C6ABA00506DA3 /* SceneDelegate.swift */; };
		DC390854242C6ABA00506DA3 /* ContentView.swift in Sources */ = {isa = PBXBuildFile; fileRef = DC390853242C6ABA00506DA3 /* ContentView.swift */; };
		DC390859242C6ABB00506DA3 /* Preview Assets.xcassets in Resources */ = {isa = PBXBuildFile; fileRef = DC390858242C6ABB00506DA3 /* Preview Assets.xcassets */; };
		DC39085C242C6ABB00506DA3 /* LaunchScreen.storyboard in Resources */ = {isa = PBXBuildFile; fileRef = DC39085A242C6ABB00506DA3 /* LaunchScreen.storyboard */; };
		DC390867242C6ABB00506DA3 /* KairosTests.swift in Sources */ = {isa = PBXBuildFile; fileRef = DC390866242C6ABB00506DA3 /* KairosTests.swift */; };
		DC390872242C6ABB00506DA3 /* KairosUITests.swift in Sources */ = {isa = PBXBuildFile; fileRef = DC390871242C6ABB00506DA3 /* KairosUITests.swift */; };
		DC390887242C7CE300506DA3 /* ReviewData.swift in Sources */ = {isa = PBXBuildFile; fileRef = DC390886242C7CE300506DA3 /* ReviewData.swift */; };
		DC46E27724942C7100F4C92D /* BuildReviewLightView.swift in Sources */ = {isa = PBXBuildFile; fileRef = DC46E27624942C7100F4C92D /* BuildReviewLightView.swift */; };
		DC46E27D2495174700F4C92D /* BuildReviewTimeView.swift in Sources */ = {isa = PBXBuildFile; fileRef = DC46E27C2495174700F4C92D /* BuildReviewTimeView.swift */; };
		DC4BBE322443AC680034328A /* Storyboard.storyboard in Resources */ = {isa = PBXBuildFile; fileRef = DC4BBE312443AC680034328A /* Storyboard.storyboard */; };
		DC4BBE382443AD420034328A /* Assets.xcassets in Resources */ = {isa = PBXBuildFile; fileRef = DC4BBE372443AD420034328A /* Assets.xcassets */; };
		DC4BBE3B2443AF440034328A /* MapViewController.swift in Sources */ = {isa = PBXBuildFile; fileRef = DC4BBE3A2443AF440034328A /* MapViewController.swift */; };
		DC4BBE502443AF890034328A /* Montserrat-LightItalic.ttf in Resources */ = {isa = PBXBuildFile; fileRef = DC4BBE3D2443AF890034328A /* Montserrat-LightItalic.ttf */; };
		DC4BBE512443AF890034328A /* Montserrat-Medium.ttf in Resources */ = {isa = PBXBuildFile; fileRef = DC4BBE3E2443AF890034328A /* Montserrat-Medium.ttf */; };
		DC4BBE522443AF890034328A /* Montserrat-BoldItalic.ttf in Resources */ = {isa = PBXBuildFile; fileRef = DC4BBE3F2443AF890034328A /* Montserrat-BoldItalic.ttf */; };
		DC4BBE532443AF890034328A /* Montserrat-Light.ttf in Resources */ = {isa = PBXBuildFile; fileRef = DC4BBE402443AF890034328A /* Montserrat-Light.ttf */; };
		DC4BBE542443AF890034328A /* Montserrat-ThinItalic.ttf in Resources */ = {isa = PBXBuildFile; fileRef = DC4BBE412443AF890034328A /* Montserrat-ThinItalic.ttf */; };
		DC4BBE552443AF890034328A /* Montserrat-ExtraLight.ttf in Resources */ = {isa = PBXBuildFile; fileRef = DC4BBE422443AF890034328A /* Montserrat-ExtraLight.ttf */; };
		DC4BBE562443AF890034328A /* Montserrat-Thin.ttf in Resources */ = {isa = PBXBuildFile; fileRef = DC4BBE432443AF890034328A /* Montserrat-Thin.ttf */; };
		DC4BBE572443AF890034328A /* Montserrat-Bold.ttf in Resources */ = {isa = PBXBuildFile; fileRef = DC4BBE442443AF890034328A /* Montserrat-Bold.ttf */; };
		DC4BBE582443AF890034328A /* Montserrat-MediumItalic.ttf in Resources */ = {isa = PBXBuildFile; fileRef = DC4BBE452443AF890034328A /* Montserrat-MediumItalic.ttf */; };
		DC4BBE592443AF890034328A /* Montserrat-BlackItalic.ttf in Resources */ = {isa = PBXBuildFile; fileRef = DC4BBE462443AF890034328A /* Montserrat-BlackItalic.ttf */; };
		DC4BBE5A2443AF890034328A /* Montserrat-SemiBold.ttf in Resources */ = {isa = PBXBuildFile; fileRef = DC4BBE472443AF890034328A /* Montserrat-SemiBold.ttf */; };
		DC4BBE5B2443AF890034328A /* Montserrat-ExtraLightItalic.ttf in Resources */ = {isa = PBXBuildFile; fileRef = DC4BBE482443AF890034328A /* Montserrat-ExtraLightItalic.ttf */; };
		DC4BBE5C2443AF890034328A /* Montserrat-ExtraBold.ttf in Resources */ = {isa = PBXBuildFile; fileRef = DC4BBE492443AF890034328A /* Montserrat-ExtraBold.ttf */; };
		DC4BBE5F2443AF890034328A /* Montserrat-Regular.ttf in Resources */ = {isa = PBXBuildFile; fileRef = DC4BBE4C2443AF890034328A /* Montserrat-Regular.ttf */; };
		DC4BBE602443AF890034328A /* Montserrat-Italic.ttf in Resources */ = {isa = PBXBuildFile; fileRef = DC4BBE4D2443AF890034328A /* Montserrat-Italic.ttf */; };
		DC4BBE612443AF890034328A /* Montserrat-SemiBoldItalic.ttf in Resources */ = {isa = PBXBuildFile; fileRef = DC4BBE4E2443AF890034328A /* Montserrat-SemiBoldItalic.ttf */; };
		DC4BBE622443AF890034328A /* Montserrat-ExtraBoldItalic.ttf in Resources */ = {isa = PBXBuildFile; fileRef = DC4BBE4F2443AF890034328A /* Montserrat-ExtraBoldItalic.ttf */; };
		DC542881248D76DC000571EB /* HomeView.swift in Sources */ = {isa = PBXBuildFile; fileRef = DC542880248D76DC000571EB /* HomeView.swift */; };
		DC542883248D8E1E000571EB /* HomeRouter.swift in Sources */ = {isa = PBXBuildFile; fileRef = DC542882248D8E1E000571EB /* HomeRouter.swift */; };
		DC542887248D9542000571EB /* ReviewModel.swift in Sources */ = {isa = PBXBuildFile; fileRef = DC542886248D9542000571EB /* ReviewModel.swift */; };
		DC542889248D9D76000571EB /* BuildReviewView.swift in Sources */ = {isa = PBXBuildFile; fileRef = DC542888248D9D76000571EB /* BuildReviewView.swift */; };
		DC7AA99924958B1400DEAFD5 /* BuildReviewCrowdView.swift in Sources */ = {isa = PBXBuildFile; fileRef = DC7AA99824958B1400DEAFD5 /* BuildReviewCrowdView.swift */; };
		DC7AA99B24958B2100DEAFD5 /* BuildReviewChatView.swift in Sources */ = {isa = PBXBuildFile; fileRef = DC7AA99A24958B2100DEAFD5 /* BuildReviewChatView.swift */; };
		DC7DE2D5249689BA00B40DDE /* BuildReviewService.swift in Sources */ = {isa = PBXBuildFile; fileRef = DC7DE2D4249689BA00B40DDE /* BuildReviewService.swift */; };
		DC8A7F0E24CF9CEF00A797E9 /* SpotSearchInteractor.swift in Sources */ = {isa = PBXBuildFile; fileRef = DC8A7F0D24CF9CEF00A797E9 /* SpotSearchInteractor.swift */; };
		DC8A7F1024CF9CFB00A797E9 /* SpotSearchPresenter.swift in Sources */ = {isa = PBXBuildFile; fileRef = DC8A7F0F24CF9CFB00A797E9 /* SpotSearchPresenter.swift */; };
		DC957A9524F5E5500047F083 /* DateCriteriaInteractor.swift in Sources */ = {isa = PBXBuildFile; fileRef = DC957A9424F5E5500047F083 /* DateCriteriaInteractor.swift */; };
		DC957A9724F5E55D0047F083 /* DateCriteriaPresenter.swift in Sources */ = {isa = PBXBuildFile; fileRef = DC957A9624F5E55D0047F083 /* DateCriteriaPresenter.swift */; };
		DC957A9B24F5E5760047F083 /* DateCriteriaRouter.swift in Sources */ = {isa = PBXBuildFile; fileRef = DC957A9A24F5E5760047F083 /* DateCriteriaRouter.swift */; };
		DC957A9D24F5E6170047F083 /* DateCriteraView.swift in Sources */ = {isa = PBXBuildFile; fileRef = DC957A9C24F5E6170047F083 /* DateCriteraView.swift */; };
		DCBD436F2490653E0045F0E7 /* BuildReviewInteractor.swift in Sources */ = {isa = PBXBuildFile; fileRef = DCBD436E2490653E0045F0E7 /* BuildReviewInteractor.swift */; };
		DCBD4371249065DF0045F0E7 /* HomePresenter.swift in Sources */ = {isa = PBXBuildFile; fileRef = DCBD4370249065DF0045F0E7 /* HomePresenter.swift */; };
		DCBD43732490666C0045F0E7 /* BuildReviewPresenter.swift in Sources */ = {isa = PBXBuildFile; fileRef = DCBD43722490666C0045F0E7 /* BuildReviewPresenter.swift */; };
		DCBD4375249067850045F0E7 /* BuildReviewRouter.swift in Sources */ = {isa = PBXBuildFile; fileRef = DCBD4374249067850045F0E7 /* BuildReviewRouter.swift */; };
		DCBD437724906A0F0045F0E7 /* HomeInteractor.swift in Sources */ = {isa = PBXBuildFile; fileRef = DCBD437624906A0F0045F0E7 /* HomeInteractor.swift */; };
		DCCC479424BD5AC0005DD0AA /* SpotNameSearch.swift in Sources */ = {isa = PBXBuildFile; fileRef = DCCC479324BD5AC0005DD0AA /* SpotNameSearch.swift */; };
		DCEFC13824DA4967003BE581 /* SearchBar.swift in Sources */ = {isa = PBXBuildFile; fileRef = DCEFC13724DA4967003BE581 /* SearchBar.swift */; };
		F0789BA840B519F588A0C4F7 /* libPods-KairosTests.a in Frameworks */ = {isa = PBXBuildFile; fileRef = 715A3EC4B692F9592D5A4F52 /* libPods-KairosTests.a */; };
/* End PBXBuildFile section */

/* Begin PBXContainerItemProxy section */
		DC390863242C6ABB00506DA3 /* PBXContainerItemProxy */ = {
			isa = PBXContainerItemProxy;
			containerPortal = DC390844242C6ABA00506DA3 /* Project object */;
			proxyType = 1;
			remoteGlobalIDString = DC39084B242C6ABA00506DA3;
			remoteInfo = Kairos;
		};
		DC39086E242C6ABB00506DA3 /* PBXContainerItemProxy */ = {
			isa = PBXContainerItemProxy;
			containerPortal = DC390844242C6ABA00506DA3 /* Project object */;
			proxyType = 1;
			remoteGlobalIDString = DC39084B242C6ABA00506DA3;
			remoteInfo = Kairos;
		};
/* End PBXContainerItemProxy section */

/* Begin PBXFileReference section */
		11B3A4749873BEA5A5A8866A /* Pods-Kairos.release.xcconfig */ = {isa = PBXFileReference; includeInIndex = 1; lastKnownFileType = text.xcconfig; name = "Pods-Kairos.release.xcconfig"; path = "Target Support Files/Pods-Kairos/Pods-Kairos.release.xcconfig"; sourceTree = "<group>"; };
		1521B6A7B67A10B5E8F9375E /* Pods-KairosUITests.debug.xcconfig */ = {isa = PBXFileReference; includeInIndex = 1; lastKnownFileType = text.xcconfig; name = "Pods-KairosUITests.debug.xcconfig"; path = "Target Support Files/Pods-KairosUITests/Pods-KairosUITests.debug.xcconfig"; sourceTree = "<group>"; };
		162E11E262AB1526009B7739 /* Pods-KairosUITests.release.xcconfig */ = {isa = PBXFileReference; includeInIndex = 1; lastKnownFileType = text.xcconfig; name = "Pods-KairosUITests.release.xcconfig"; path = "Target Support Files/Pods-KairosUITests/Pods-KairosUITests.release.xcconfig"; sourceTree = "<group>"; };
		715A3EC4B692F9592D5A4F52 /* libPods-KairosTests.a */ = {isa = PBXFileReference; explicitFileType = archive.ar; includeInIndex = 0; path = "libPods-KairosTests.a"; sourceTree = BUILT_PRODUCTS_DIR; };
		7DB25F9107E0F2A350672CA3 /* Pods-Kairos.debug.xcconfig */ = {isa = PBXFileReference; includeInIndex = 1; lastKnownFileType = text.xcconfig; name = "Pods-Kairos.debug.xcconfig"; path = "Target Support Files/Pods-Kairos/Pods-Kairos.debug.xcconfig"; sourceTree = "<group>"; };
		81625AAC4D831A83F8A86F6E /* libPods-KairosUITests.a */ = {isa = PBXFileReference; explicitFileType = archive.ar; includeInIndex = 0; path = "libPods-KairosUITests.a"; sourceTree = BUILT_PRODUCTS_DIR; };
		9FEB15551D8926D95A7EAB94 /* Pods-KairosTests.debug.xcconfig */ = {isa = PBXFileReference; includeInIndex = 1; lastKnownFileType = text.xcconfig; name = "Pods-KairosTests.debug.xcconfig"; path = "Target Support Files/Pods-KairosTests/Pods-KairosTests.debug.xcconfig"; sourceTree = "<group>"; };
		C10E55DC47D9BFDF6960B90F /* Pods_Kairos.framework */ = {isa = PBXFileReference; explicitFileType = wrapper.framework; includeInIndex = 0; path = Pods_Kairos.framework; sourceTree = BUILT_PRODUCTS_DIR; };
		D890207FB8A21CB017502583 /* Pods-KairosTests.release.xcconfig */ = {isa = PBXFileReference; includeInIndex = 1; lastKnownFileType = text.xcconfig; name = "Pods-KairosTests.release.xcconfig"; path = "Target Support Files/Pods-KairosTests/Pods-KairosTests.release.xcconfig"; sourceTree = "<group>"; };
		DC104667249EDB8500750691 /* SpotReviewService.swift */ = {isa = PBXFileReference; lastKnownFileType = sourcecode.swift; path = SpotReviewService.swift; sourceTree = "<group>"; };
		DC10466A249EE71C00750691 /* SpotDetailView.swift */ = {isa = PBXFileReference; lastKnownFileType = sourcecode.swift; path = SpotDetailView.swift; sourceTree = "<group>"; };
		DC10466C249EE78000750691 /* SpotDetailInteractor.swift */ = {isa = PBXFileReference; lastKnownFileType = sourcecode.swift; path = SpotDetailInteractor.swift; sourceTree = "<group>"; };
		DC10466E249EE79C00750691 /* SpotDetailPresenter.swift */ = {isa = PBXFileReference; lastKnownFileType = sourcecode.swift; path = SpotDetailPresenter.swift; sourceTree = "<group>"; };
		DC104670249EE7AA00750691 /* SpotDetailRouter.swift */ = {isa = PBXFileReference; lastKnownFileType = sourcecode.swift; path = SpotDetailRouter.swift; sourceTree = "<group>"; };
		DC104672249EEADD00750691 /* SpotData.swift */ = {isa = PBXFileReference; lastKnownFileType = sourcecode.swift; path = SpotData.swift; sourceTree = "<group>"; };
		DC104675249EEE8B00750691 /* SpotModel.swift */ = {isa = PBXFileReference; lastKnownFileType = sourcecode.swift; path = SpotModel.swift; sourceTree = "<group>"; };
		DC38806124CF9D6800AA8D67 /* SpotSearchRouter.swift */ = {isa = PBXFileReference; lastKnownFileType = sourcecode.swift; path = SpotSearchRouter.swift; sourceTree = "<group>"; };
		DC38806324CFA02700AA8D67 /* SpotSearchView.swift */ = {isa = PBXFileReference; lastKnownFileType = sourcecode.swift; path = SpotSearchView.swift; sourceTree = "<group>"; };
		DC39084C242C6ABA00506DA3 /* Kairos.app */ = {isa = PBXFileReference; explicitFileType = wrapper.application; includeInIndex = 0; path = Kairos.app; sourceTree = BUILT_PRODUCTS_DIR; };
		DC39084F242C6ABA00506DA3 /* AppDelegate.swift */ = {isa = PBXFileReference; lastKnownFileType = sourcecode.swift; path = AppDelegate.swift; sourceTree = "<group>"; };
		DC390851242C6ABA00506DA3 /* SceneDelegate.swift */ = {isa = PBXFileReference; lastKnownFileType = sourcecode.swift; path = SceneDelegate.swift; sourceTree = "<group>"; };
		DC390853242C6ABA00506DA3 /* ContentView.swift */ = {isa = PBXFileReference; lastKnownFileType = sourcecode.swift; path = ContentView.swift; sourceTree = "<group>"; };
		DC390858242C6ABB00506DA3 /* Preview Assets.xcassets */ = {isa = PBXFileReference; lastKnownFileType = folder.assetcatalog; path = "Preview Assets.xcassets"; sourceTree = "<group>"; };
		DC39085B242C6ABB00506DA3 /* Base */ = {isa = PBXFileReference; lastKnownFileType = file.storyboard; name = Base; path = Base.lproj/LaunchScreen.storyboard; sourceTree = "<group>"; };
		DC39085D242C6ABB00506DA3 /* Info.plist */ = {isa = PBXFileReference; lastKnownFileType = text.plist.xml; path = Info.plist; sourceTree = "<group>"; };
		DC390862242C6ABB00506DA3 /* KairosTests.xctest */ = {isa = PBXFileReference; explicitFileType = wrapper.cfbundle; includeInIndex = 0; path = KairosTests.xctest; sourceTree = BUILT_PRODUCTS_DIR; };
		DC390866242C6ABB00506DA3 /* KairosTests.swift */ = {isa = PBXFileReference; lastKnownFileType = sourcecode.swift; path = KairosTests.swift; sourceTree = "<group>"; };
		DC390868242C6ABB00506DA3 /* Info.plist */ = {isa = PBXFileReference; lastKnownFileType = text.plist.xml; path = Info.plist; sourceTree = "<group>"; };
		DC39086D242C6ABB00506DA3 /* KairosUITests.xctest */ = {isa = PBXFileReference; explicitFileType = wrapper.cfbundle; includeInIndex = 0; path = KairosUITests.xctest; sourceTree = BUILT_PRODUCTS_DIR; };
		DC390871242C6ABB00506DA3 /* KairosUITests.swift */ = {isa = PBXFileReference; lastKnownFileType = sourcecode.swift; path = KairosUITests.swift; sourceTree = "<group>"; };
		DC390873242C6ABB00506DA3 /* Info.plist */ = {isa = PBXFileReference; lastKnownFileType = text.plist.xml; path = Info.plist; sourceTree = "<group>"; };
		DC390886242C7CE300506DA3 /* ReviewData.swift */ = {isa = PBXFileReference; fileEncoding = 4; lastKnownFileType = sourcecode.swift; path = ReviewData.swift; sourceTree = "<group>"; };
		DC46E27624942C7100F4C92D /* BuildReviewLightView.swift */ = {isa = PBXFileReference; lastKnownFileType = sourcecode.swift; path = BuildReviewLightView.swift; sourceTree = "<group>"; };
		DC46E27C2495174700F4C92D /* BuildReviewTimeView.swift */ = {isa = PBXFileReference; fileEncoding = 4; lastKnownFileType = sourcecode.swift; path = BuildReviewTimeView.swift; sourceTree = "<group>"; };
		DC4BBE312443AC680034328A /* Storyboard.storyboard */ = {isa = PBXFileReference; fileEncoding = 4; lastKnownFileType = file.storyboard; path = Storyboard.storyboard; sourceTree = "<group>"; };
		DC4BBE372443AD420034328A /* Assets.xcassets */ = {isa = PBXFileReference; lastKnownFileType = folder.assetcatalog; path = Assets.xcassets; sourceTree = "<group>"; };
		DC4BBE3A2443AF440034328A /* MapViewController.swift */ = {isa = PBXFileReference; fileEncoding = 4; lastKnownFileType = sourcecode.swift; path = MapViewController.swift; sourceTree = "<group>"; };
		DC4BBE3D2443AF890034328A /* Montserrat-LightItalic.ttf */ = {isa = PBXFileReference; lastKnownFileType = file; path = "Montserrat-LightItalic.ttf"; sourceTree = "<group>"; };
		DC4BBE3E2443AF890034328A /* Montserrat-Medium.ttf */ = {isa = PBXFileReference; lastKnownFileType = file; path = "Montserrat-Medium.ttf"; sourceTree = "<group>"; };
		DC4BBE3F2443AF890034328A /* Montserrat-BoldItalic.ttf */ = {isa = PBXFileReference; lastKnownFileType = file; path = "Montserrat-BoldItalic.ttf"; sourceTree = "<group>"; };
		DC4BBE402443AF890034328A /* Montserrat-Light.ttf */ = {isa = PBXFileReference; lastKnownFileType = file; path = "Montserrat-Light.ttf"; sourceTree = "<group>"; };
		DC4BBE412443AF890034328A /* Montserrat-ThinItalic.ttf */ = {isa = PBXFileReference; lastKnownFileType = file; path = "Montserrat-ThinItalic.ttf"; sourceTree = "<group>"; };
		DC4BBE422443AF890034328A /* Montserrat-ExtraLight.ttf */ = {isa = PBXFileReference; lastKnownFileType = file; path = "Montserrat-ExtraLight.ttf"; sourceTree = "<group>"; };
		DC4BBE432443AF890034328A /* Montserrat-Thin.ttf */ = {isa = PBXFileReference; lastKnownFileType = file; path = "Montserrat-Thin.ttf"; sourceTree = "<group>"; };
		DC4BBE442443AF890034328A /* Montserrat-Bold.ttf */ = {isa = PBXFileReference; lastKnownFileType = file; path = "Montserrat-Bold.ttf"; sourceTree = "<group>"; };
		DC4BBE452443AF890034328A /* Montserrat-MediumItalic.ttf */ = {isa = PBXFileReference; lastKnownFileType = file; path = "Montserrat-MediumItalic.ttf"; sourceTree = "<group>"; };
		DC4BBE462443AF890034328A /* Montserrat-BlackItalic.ttf */ = {isa = PBXFileReference; lastKnownFileType = file; path = "Montserrat-BlackItalic.ttf"; sourceTree = "<group>"; };
		DC4BBE472443AF890034328A /* Montserrat-SemiBold.ttf */ = {isa = PBXFileReference; lastKnownFileType = file; path = "Montserrat-SemiBold.ttf"; sourceTree = "<group>"; };
		DC4BBE482443AF890034328A /* Montserrat-ExtraLightItalic.ttf */ = {isa = PBXFileReference; lastKnownFileType = file; path = "Montserrat-ExtraLightItalic.ttf"; sourceTree = "<group>"; };
		DC4BBE492443AF890034328A /* Montserrat-ExtraBold.ttf */ = {isa = PBXFileReference; lastKnownFileType = file; path = "Montserrat-ExtraBold.ttf"; sourceTree = "<group>"; };
		DC4BBE4C2443AF890034328A /* Montserrat-Regular.ttf */ = {isa = PBXFileReference; lastKnownFileType = file; path = "Montserrat-Regular.ttf"; sourceTree = "<group>"; };
		DC4BBE4D2443AF890034328A /* Montserrat-Italic.ttf */ = {isa = PBXFileReference; lastKnownFileType = file; path = "Montserrat-Italic.ttf"; sourceTree = "<group>"; };
		DC4BBE4E2443AF890034328A /* Montserrat-SemiBoldItalic.ttf */ = {isa = PBXFileReference; lastKnownFileType = file; path = "Montserrat-SemiBoldItalic.ttf"; sourceTree = "<group>"; };
		DC4BBE4F2443AF890034328A /* Montserrat-ExtraBoldItalic.ttf */ = {isa = PBXFileReference; lastKnownFileType = file; path = "Montserrat-ExtraBoldItalic.ttf"; sourceTree = "<group>"; };
		DC4BBE632443BB810034328A /* Montserrat.ttf */ = {isa = PBXFileReference; lastKnownFileType = file; path = Montserrat.ttf; sourceTree = "<group>"; };
		DC542880248D76DC000571EB /* HomeView.swift */ = {isa = PBXFileReference; lastKnownFileType = sourcecode.swift; path = HomeView.swift; sourceTree = "<group>"; };
		DC542882248D8E1E000571EB /* HomeRouter.swift */ = {isa = PBXFileReference; lastKnownFileType = sourcecode.swift; path = HomeRouter.swift; sourceTree = "<group>"; };
		DC542886248D9542000571EB /* ReviewModel.swift */ = {isa = PBXFileReference; lastKnownFileType = sourcecode.swift; path = ReviewModel.swift; sourceTree = "<group>"; };
		DC542888248D9D76000571EB /* BuildReviewView.swift */ = {isa = PBXFileReference; lastKnownFileType = sourcecode.swift; path = BuildReviewView.swift; sourceTree = "<group>"; };
		DC7AA99824958B1400DEAFD5 /* BuildReviewCrowdView.swift */ = {isa = PBXFileReference; lastKnownFileType = sourcecode.swift; path = BuildReviewCrowdView.swift; sourceTree = "<group>"; };
		DC7AA99A24958B2100DEAFD5 /* BuildReviewChatView.swift */ = {isa = PBXFileReference; lastKnownFileType = sourcecode.swift; path = BuildReviewChatView.swift; sourceTree = "<group>"; };
		DC7DE2D4249689BA00B40DDE /* BuildReviewService.swift */ = {isa = PBXFileReference; lastKnownFileType = sourcecode.swift; path = BuildReviewService.swift; sourceTree = "<group>"; };
		DC8A7F0D24CF9CEF00A797E9 /* SpotSearchInteractor.swift */ = {isa = PBXFileReference; lastKnownFileType = sourcecode.swift; path = SpotSearchInteractor.swift; sourceTree = "<group>"; };
		DC8A7F0F24CF9CFB00A797E9 /* SpotSearchPresenter.swift */ = {isa = PBXFileReference; lastKnownFileType = sourcecode.swift; path = SpotSearchPresenter.swift; sourceTree = "<group>"; };
		DC957A9424F5E5500047F083 /* DateCriteriaInteractor.swift */ = {isa = PBXFileReference; lastKnownFileType = sourcecode.swift; path = DateCriteriaInteractor.swift; sourceTree = "<group>"; };
		DC957A9624F5E55D0047F083 /* DateCriteriaPresenter.swift */ = {isa = PBXFileReference; lastKnownFileType = sourcecode.swift; path = DateCriteriaPresenter.swift; sourceTree = "<group>"; };
		DC957A9A24F5E5760047F083 /* DateCriteriaRouter.swift */ = {isa = PBXFileReference; lastKnownFileType = sourcecode.swift; path = DateCriteriaRouter.swift; sourceTree = "<group>"; };
		DC957A9C24F5E6170047F083 /* DateCriteraView.swift */ = {isa = PBXFileReference; lastKnownFileType = sourcecode.swift; path = DateCriteraView.swift; sourceTree = "<group>"; };
		DCBD436E2490653E0045F0E7 /* BuildReviewInteractor.swift */ = {isa = PBXFileReference; lastKnownFileType = sourcecode.swift; path = BuildReviewInteractor.swift; sourceTree = "<group>"; };
		DCBD4370249065DF0045F0E7 /* HomePresenter.swift */ = {isa = PBXFileReference; lastKnownFileType = sourcecode.swift; path = HomePresenter.swift; sourceTree = "<group>"; };
		DCBD43722490666C0045F0E7 /* BuildReviewPresenter.swift */ = {isa = PBXFileReference; lastKnownFileType = sourcecode.swift; path = BuildReviewPresenter.swift; sourceTree = "<group>"; };
		DCBD4374249067850045F0E7 /* BuildReviewRouter.swift */ = {isa = PBXFileReference; lastKnownFileType = sourcecode.swift; path = BuildReviewRouter.swift; sourceTree = "<group>"; };
		DCBD437624906A0F0045F0E7 /* HomeInteractor.swift */ = {isa = PBXFileReference; lastKnownFileType = sourcecode.swift; path = HomeInteractor.swift; sourceTree = "<group>"; };
		DCCC479324BD5AC0005DD0AA /* SpotNameSearch.swift */ = {isa = PBXFileReference; lastKnownFileType = sourcecode.swift; path = SpotNameSearch.swift; sourceTree = "<group>"; };
		DCEFC13724DA4967003BE581 /* SearchBar.swift */ = {isa = PBXFileReference; lastKnownFileType = sourcecode.swift; path = SearchBar.swift; sourceTree = "<group>"; };
/* End PBXFileReference section */

/* Begin PBXFrameworksBuildPhase section */
		DC390849242C6ABA00506DA3 /* Frameworks */ = {
			isa = PBXFrameworksBuildPhase;
			buildActionMask = 2147483647;
			files = (
				90F205A5D05AFFB4191480F9 /* Pods_Kairos.framework in Frameworks */,
			);
			runOnlyForDeploymentPostprocessing = 0;
		};
		DC39085F242C6ABB00506DA3 /* Frameworks */ = {
			isa = PBXFrameworksBuildPhase;
			buildActionMask = 2147483647;
			files = (
				F0789BA840B519F588A0C4F7 /* libPods-KairosTests.a in Frameworks */,
			);
			runOnlyForDeploymentPostprocessing = 0;
		};
		DC39086A242C6ABB00506DA3 /* Frameworks */ = {
			isa = PBXFrameworksBuildPhase;
			buildActionMask = 2147483647;
			files = (
				748DE040DB4ED69F2CBF3364 /* libPods-KairosUITests.a in Frameworks */,
			);
			runOnlyForDeploymentPostprocessing = 0;
		};
/* End PBXFrameworksBuildPhase section */

/* Begin PBXGroup section */
		6A1C94BBBFDD4A27CFD88CFD /* Pods */ = {
			isa = PBXGroup;
			children = (
				7DB25F9107E0F2A350672CA3 /* Pods-Kairos.debug.xcconfig */,
				11B3A4749873BEA5A5A8866A /* Pods-Kairos.release.xcconfig */,
				9FEB15551D8926D95A7EAB94 /* Pods-KairosTests.debug.xcconfig */,
				D890207FB8A21CB017502583 /* Pods-KairosTests.release.xcconfig */,
				1521B6A7B67A10B5E8F9375E /* Pods-KairosUITests.debug.xcconfig */,
				162E11E262AB1526009B7739 /* Pods-KairosUITests.release.xcconfig */,
			);
			path = Pods;
			sourceTree = "<group>";
		};
		825530155E5031DE790502B4 /* Frameworks */ = {
			isa = PBXGroup;
			children = (
				C10E55DC47D9BFDF6960B90F /* Pods_Kairos.framework */,
				715A3EC4B692F9592D5A4F52 /* libPods-KairosTests.a */,
				81625AAC4D831A83F8A86F6E /* libPods-KairosUITests.a */,
			);
			name = Frameworks;
			sourceTree = "<group>";
		};
		DC104669249EE6D900750691 /* SpotDetailModule */ = {
			isa = PBXGroup;
			children = (
				DC10466C249EE78000750691 /* SpotDetailInteractor.swift */,
				DC10466E249EE79C00750691 /* SpotDetailPresenter.swift */,
				DC10466A249EE71C00750691 /* SpotDetailView.swift */,
				DC104670249EE7AA00750691 /* SpotDetailRouter.swift */,
			);
			path = SpotDetailModule;
			sourceTree = "<group>";
		};
		DC390843242C6ABA00506DA3 = {
			isa = PBXGroup;
			children = (
				DC39084E242C6ABA00506DA3 /* Kairos */,
				DC390865242C6ABB00506DA3 /* KairosTests */,
				DC390870242C6ABB00506DA3 /* KairosUITests */,
				DC39084D242C6ABA00506DA3 /* Products */,
				6A1C94BBBFDD4A27CFD88CFD /* Pods */,
				825530155E5031DE790502B4 /* Frameworks */,
			);
			sourceTree = "<group>";
		};
		DC39084D242C6ABA00506DA3 /* Products */ = {
			isa = PBXGroup;
			children = (
				DC39084C242C6ABA00506DA3 /* Kairos.app */,
				DC390862242C6ABB00506DA3 /* KairosTests.xctest */,
				DC39086D242C6ABB00506DA3 /* KairosUITests.xctest */,
			);
			name = Products;
			sourceTree = "<group>";
		};
		DC39084E242C6ABA00506DA3 /* Kairos */ = {
			isa = PBXGroup;
			children = (
				DC39084F242C6ABA00506DA3 /* AppDelegate.swift */,
				DC390851242C6ABA00506DA3 /* SceneDelegate.swift */,
				DC390853242C6ABA00506DA3 /* ContentView.swift */,
				DC54287F248D74A7000571EB /* HomeModule */,
				DC54287E248D6922000571EB /* BuildReviewModule */,
				DC957A9324F5E4610047F083 /* DateCriteriaModule */,
				DC104669249EE6D900750691 /* SpotDetailModule */,
				DC8A7F0C24CF9CBB00A797E9 /* SpotSearchModule */,
				DC54287C248D6908000571EB /* Entities */,
				DC7DE2D32496899400B40DDE /* Services */,
				DCEFC13624DA4938003BE581 /* Custom Views */,
				DC39085A242C6ABB00506DA3 /* LaunchScreen.storyboard */,
				DC39085D242C6ABB00506DA3 /* Info.plist */,
				DC4BBE272443AB900034328A /* Fonts */,
				DC4BBE392443AF440034328A /* ViewController */,
				DC4BBE302443AC680034328A /* Storyboard */,
				DC4BBE372443AD420034328A /* Assets.xcassets */,
				DC390857242C6ABB00506DA3 /* Preview Content */,
			);
			path = Kairos;
			sourceTree = "<group>";
		};
		DC390857242C6ABB00506DA3 /* Preview Content */ = {
			isa = PBXGroup;
			children = (
				DC390858242C6ABB00506DA3 /* Preview Assets.xcassets */,
			);
			path = "Preview Content";
			sourceTree = "<group>";
		};
		DC390865242C6ABB00506DA3 /* KairosTests */ = {
			isa = PBXGroup;
			children = (
				DC390866242C6ABB00506DA3 /* KairosTests.swift */,
				DC390868242C6ABB00506DA3 /* Info.plist */,
			);
			path = KairosTests;
			sourceTree = "<group>";
		};
		DC390870242C6ABB00506DA3 /* KairosUITests */ = {
			isa = PBXGroup;
			children = (
				DC390871242C6ABB00506DA3 /* KairosUITests.swift */,
				DC390873242C6ABB00506DA3 /* Info.plist */,
			);
			path = KairosUITests;
			sourceTree = "<group>";
		};
		DC4BBE272443AB900034328A /* Fonts */ = {
			isa = PBXGroup;
			children = (
				DC4BBE3C2443AF890034328A /* Montserrat */,
			);
			path = Fonts;
			sourceTree = "<group>";
		};
		DC4BBE302443AC680034328A /* Storyboard */ = {
			isa = PBXGroup;
			children = (
				DC4BBE312443AC680034328A /* Storyboard.storyboard */,
			);
			name = Storyboard;
			path = "Kairos/Preview Content/Storyboard";
			sourceTree = SOURCE_ROOT;
		};
		DC4BBE392443AF440034328A /* ViewController */ = {
			isa = PBXGroup;
			children = (
				DC4BBE3A2443AF440034328A /* MapViewController.swift */,
			);
			path = ViewController;
			sourceTree = "<group>";
		};
		DC4BBE3C2443AF890034328A /* Montserrat */ = {
			isa = PBXGroup;
			children = (
				DC4BBE3D2443AF890034328A /* Montserrat-LightItalic.ttf */,
				DC4BBE3E2443AF890034328A /* Montserrat-Medium.ttf */,
				DC4BBE3F2443AF890034328A /* Montserrat-BoldItalic.ttf */,
				DC4BBE402443AF890034328A /* Montserrat-Light.ttf */,
				DC4BBE412443AF890034328A /* Montserrat-ThinItalic.ttf */,
				DC4BBE422443AF890034328A /* Montserrat-ExtraLight.ttf */,
				DC4BBE432443AF890034328A /* Montserrat-Thin.ttf */,
				DC4BBE442443AF890034328A /* Montserrat-Bold.ttf */,
				DC4BBE452443AF890034328A /* Montserrat-MediumItalic.ttf */,
				DC4BBE462443AF890034328A /* Montserrat-BlackItalic.ttf */,
				DC4BBE472443AF890034328A /* Montserrat-SemiBold.ttf */,
				DC4BBE482443AF890034328A /* Montserrat-ExtraLightItalic.ttf */,
				DC4BBE492443AF890034328A /* Montserrat-ExtraBold.ttf */,
				DC4BBE632443BB810034328A /* Montserrat.ttf */,
				DC4BBE4C2443AF890034328A /* Montserrat-Regular.ttf */,
				DC4BBE4D2443AF890034328A /* Montserrat-Italic.ttf */,
				DC4BBE4E2443AF890034328A /* Montserrat-SemiBoldItalic.ttf */,
				DC4BBE4F2443AF890034328A /* Montserrat-ExtraBoldItalic.ttf */,
			);
			path = Montserrat;
			sourceTree = "<group>";
		};
		DC54287C248D6908000571EB /* Entities */ = {
			isa = PBXGroup;
			children = (
				DC390886242C7CE300506DA3 /* ReviewData.swift */,
				DC542886248D9542000571EB /* ReviewModel.swift */,
				DC104672249EEADD00750691 /* SpotData.swift */,
				DC104675249EEE8B00750691 /* SpotModel.swift */,
			);
			path = Entities;
			sourceTree = "<group>";
		};
		DC54287E248D6922000571EB /* BuildReviewModule */ = {
			isa = PBXGroup;
			children = (
				DCBD436E2490653E0045F0E7 /* BuildReviewInteractor.swift */,
				DCBD43722490666C0045F0E7 /* BuildReviewPresenter.swift */,
				DC542888248D9D76000571EB /* BuildReviewView.swift */,
				DCBD4374249067850045F0E7 /* BuildReviewRouter.swift */,
				DCBD43782490871B0045F0E7 /* CategoryViews */,
			);
			path = BuildReviewModule;
			sourceTree = "<group>";
		};
		DC54287F248D74A7000571EB /* HomeModule */ = {
			isa = PBXGroup;
			children = (
				DCBD437624906A0F0045F0E7 /* HomeInteractor.swift */,
				DCBD4370249065DF0045F0E7 /* HomePresenter.swift */,
				DC542880248D76DC000571EB /* HomeView.swift */,
				DC542882248D8E1E000571EB /* HomeRouter.swift */,
			);
			path = HomeModule;
			sourceTree = "<group>";
		};
		DC7DE2D32496899400B40DDE /* Services */ = {
			isa = PBXGroup;
			children = (
				DC7DE2D4249689BA00B40DDE /* BuildReviewService.swift */,
				DC104667249EDB8500750691 /* SpotReviewService.swift */,
				DCCC479324BD5AC0005DD0AA /* SpotNameSearch.swift */,
			);
			path = Services;
			sourceTree = "<group>";
		};
		DC8A7F0C24CF9CBB00A797E9 /* SpotSearchModule */ = {
			isa = PBXGroup;
			children = (
				DC8A7F0D24CF9CEF00A797E9 /* SpotSearchInteractor.swift */,
				DC8A7F0F24CF9CFB00A797E9 /* SpotSearchPresenter.swift */,
				DC38806324CFA02700AA8D67 /* SpotSearchView.swift */,
				DC38806124CF9D6800AA8D67 /* SpotSearchRouter.swift */,
			);
			path = SpotSearchModule;
			sourceTree = "<group>";
		};
		DC957A9324F5E4610047F083 /* DateCriteriaModule */ = {
			isa = PBXGroup;
			children = (
				DC957A9424F5E5500047F083 /* DateCriteriaInteractor.swift */,
				DC957A9624F5E55D0047F083 /* DateCriteriaPresenter.swift */,
				DC957A9C24F5E6170047F083 /* DateCriteraView.swift */,
				DC957A9A24F5E5760047F083 /* DateCriteriaRouter.swift */,
			);
			path = DateCriteriaModule;
			sourceTree = "<group>";
		};
		DCBD43782490871B0045F0E7 /* CategoryViews */ = {
			isa = PBXGroup;
			children = (
				DC46E27C2495174700F4C92D /* BuildReviewTimeView.swift */,
				DC46E27624942C7100F4C92D /* BuildReviewLightView.swift */,
				DC7AA99824958B1400DEAFD5 /* BuildReviewCrowdView.swift */,
				DC7AA99A24958B2100DEAFD5 /* BuildReviewChatView.swift */,
			);
			path = CategoryViews;
			sourceTree = "<group>";
		};
		DCEFC13624DA4938003BE581 /* Custom Views */ = {
			isa = PBXGroup;
			children = (
				DCEFC13724DA4967003BE581 /* SearchBar.swift */,
			);
			path = "Custom Views";
			sourceTree = "<group>";
		};
/* End PBXGroup section */

/* Begin PBXNativeTarget section */
		DC39084B242C6ABA00506DA3 /* Kairos */ = {
			isa = PBXNativeTarget;
			buildConfigurationList = DC390876242C6ABB00506DA3 /* Build configuration list for PBXNativeTarget "Kairos" */;
			buildPhases = (
				CAEA2CABA551D4527834A2BF /* [CP] Check Pods Manifest.lock */,
				DC390848242C6ABA00506DA3 /* Sources */,
				DC390849242C6ABA00506DA3 /* Frameworks */,
				DC39084A242C6ABA00506DA3 /* Resources */,
				C3ACA48E70A3F64ECD37C00F /* [CP] Copy Pods Resources */,
			);
			buildRules = (
			);
			dependencies = (
			);
			name = Kairos;
			productName = Kairos;
			productReference = DC39084C242C6ABA00506DA3 /* Kairos.app */;
			productType = "com.apple.product-type.application";
		};
		DC390861242C6ABB00506DA3 /* KairosTests */ = {
			isa = PBXNativeTarget;
			buildConfigurationList = DC390879242C6ABB00506DA3 /* Build configuration list for PBXNativeTarget "KairosTests" */;
			buildPhases = (
				6EF5F2BA8B48D458AE414B11 /* [CP] Check Pods Manifest.lock */,
				DC39085E242C6ABB00506DA3 /* Sources */,
				DC39085F242C6ABB00506DA3 /* Frameworks */,
				DC390860242C6ABB00506DA3 /* Resources */,
			);
			buildRules = (
			);
			dependencies = (
				DC390864242C6ABB00506DA3 /* PBXTargetDependency */,
			);
			name = KairosTests;
			productName = KairosTests;
			productReference = DC390862242C6ABB00506DA3 /* KairosTests.xctest */;
			productType = "com.apple.product-type.bundle.unit-test";
		};
		DC39086C242C6ABB00506DA3 /* KairosUITests */ = {
			isa = PBXNativeTarget;
			buildConfigurationList = DC39087C242C6ABB00506DA3 /* Build configuration list for PBXNativeTarget "KairosUITests" */;
			buildPhases = (
				6229936FD3360EFE32E9293E /* [CP] Check Pods Manifest.lock */,
				DC390869242C6ABB00506DA3 /* Sources */,
				DC39086A242C6ABB00506DA3 /* Frameworks */,
				DC39086B242C6ABB00506DA3 /* Resources */,
			);
			buildRules = (
			);
			dependencies = (
				DC39086F242C6ABB00506DA3 /* PBXTargetDependency */,
			);
			name = KairosUITests;
			productName = KairosUITests;
			productReference = DC39086D242C6ABB00506DA3 /* KairosUITests.xctest */;
			productType = "com.apple.product-type.bundle.ui-testing";
		};
/* End PBXNativeTarget section */

/* Begin PBXProject section */
		DC390844242C6ABA00506DA3 /* Project object */ = {
			isa = PBXProject;
			attributes = {
				LastSwiftUpdateCheck = 1140;
				LastUpgradeCheck = 1140;
				ORGANIZATIONNAME = "Alex McCaffrey";
				TargetAttributes = {
					DC39084B242C6ABA00506DA3 = {
						CreatedOnToolsVersion = 11.4;
					};
					DC390861242C6ABB00506DA3 = {
						CreatedOnToolsVersion = 11.4;
						TestTargetID = DC39084B242C6ABA00506DA3;
					};
					DC39086C242C6ABB00506DA3 = {
						CreatedOnToolsVersion = 11.4;
						TestTargetID = DC39084B242C6ABA00506DA3;
					};
				};
			};
			buildConfigurationList = DC390847242C6ABA00506DA3 /* Build configuration list for PBXProject "Kairos" */;
			compatibilityVersion = "Xcode 9.3";
			developmentRegion = en;
			hasScannedForEncodings = 0;
			knownRegions = (
				en,
				Base,
			);
			mainGroup = DC390843242C6ABA00506DA3;
			productRefGroup = DC39084D242C6ABA00506DA3 /* Products */;
			projectDirPath = "";
			projectRoot = "";
			targets = (
				DC39084B242C6ABA00506DA3 /* Kairos */,
				DC390861242C6ABB00506DA3 /* KairosTests */,
				DC39086C242C6ABB00506DA3 /* KairosUITests */,
			);
		};
/* End PBXProject section */

/* Begin PBXResourcesBuildPhase section */
		DC39084A242C6ABA00506DA3 /* Resources */ = {
			isa = PBXResourcesBuildPhase;
			buildActionMask = 2147483647;
			files = (
				DC4BBE5C2443AF890034328A /* Montserrat-ExtraBold.ttf in Resources */,
				DC39085C242C6ABB00506DA3 /* LaunchScreen.storyboard in Resources */,
				DC4BBE592443AF890034328A /* Montserrat-BlackItalic.ttf in Resources */,
				DC4BBE582443AF890034328A /* Montserrat-MediumItalic.ttf in Resources */,
				DC4BBE522443AF890034328A /* Montserrat-BoldItalic.ttf in Resources */,
				DC4BBE322443AC680034328A /* Storyboard.storyboard in Resources */,
				DC4BBE602443AF890034328A /* Montserrat-Italic.ttf in Resources */,
				DC4BBE622443AF890034328A /* Montserrat-ExtraBoldItalic.ttf in Resources */,
				DC4BBE382443AD420034328A /* Assets.xcassets in Resources */,
				DC4BBE532443AF890034328A /* Montserrat-Light.ttf in Resources */,
				DC4BBE5F2443AF890034328A /* Montserrat-Regular.ttf in Resources */,
				DC4BBE542443AF890034328A /* Montserrat-ThinItalic.ttf in Resources */,
				DC4BBE502443AF890034328A /* Montserrat-LightItalic.ttf in Resources */,
				DC4BBE612443AF890034328A /* Montserrat-SemiBoldItalic.ttf in Resources */,
				DC4BBE5B2443AF890034328A /* Montserrat-ExtraLightItalic.ttf in Resources */,
				DC4BBE5A2443AF890034328A /* Montserrat-SemiBold.ttf in Resources */,
				DC4BBE562443AF890034328A /* Montserrat-Thin.ttf in Resources */,
				DC4BBE572443AF890034328A /* Montserrat-Bold.ttf in Resources */,
				DC4BBE512443AF890034328A /* Montserrat-Medium.ttf in Resources */,
				DC390859242C6ABB00506DA3 /* Preview Assets.xcassets in Resources */,
				DC4BBE552443AF890034328A /* Montserrat-ExtraLight.ttf in Resources */,
			);
			runOnlyForDeploymentPostprocessing = 0;
		};
		DC390860242C6ABB00506DA3 /* Resources */ = {
			isa = PBXResourcesBuildPhase;
			buildActionMask = 2147483647;
			files = (
			);
			runOnlyForDeploymentPostprocessing = 0;
		};
		DC39086B242C6ABB00506DA3 /* Resources */ = {
			isa = PBXResourcesBuildPhase;
			buildActionMask = 2147483647;
			files = (
			);
			runOnlyForDeploymentPostprocessing = 0;
		};
/* End PBXResourcesBuildPhase section */

/* Begin PBXShellScriptBuildPhase section */
		6229936FD3360EFE32E9293E /* [CP] Check Pods Manifest.lock */ = {
			isa = PBXShellScriptBuildPhase;
			buildActionMask = 2147483647;
			files = (
			);
			inputFileListPaths = (
			);
			inputPaths = (
				"${PODS_PODFILE_DIR_PATH}/Podfile.lock",
				"${PODS_ROOT}/Manifest.lock",
			);
			name = "[CP] Check Pods Manifest.lock";
			outputFileListPaths = (
			);
			outputPaths = (
				"$(DERIVED_FILE_DIR)/Pods-KairosUITests-checkManifestLockResult.txt",
			);
			runOnlyForDeploymentPostprocessing = 0;
			shellPath = /bin/sh;
			shellScript = "diff \"${PODS_PODFILE_DIR_PATH}/Podfile.lock\" \"${PODS_ROOT}/Manifest.lock\" > /dev/null\nif [ $? != 0 ] ; then\n    # print error to STDERR\n    echo \"error: The sandbox is not in sync with the Podfile.lock. Run 'pod install' or update your CocoaPods installation.\" >&2\n    exit 1\nfi\n# This output is used by Xcode 'outputs' to avoid re-running this script phase.\necho \"SUCCESS\" > \"${SCRIPT_OUTPUT_FILE_0}\"\n";
			showEnvVarsInLog = 0;
		};
		6EF5F2BA8B48D458AE414B11 /* [CP] Check Pods Manifest.lock */ = {
			isa = PBXShellScriptBuildPhase;
			buildActionMask = 2147483647;
			files = (
			);
			inputFileListPaths = (
			);
			inputPaths = (
				"${PODS_PODFILE_DIR_PATH}/Podfile.lock",
				"${PODS_ROOT}/Manifest.lock",
			);
			name = "[CP] Check Pods Manifest.lock";
			outputFileListPaths = (
			);
			outputPaths = (
				"$(DERIVED_FILE_DIR)/Pods-KairosTests-checkManifestLockResult.txt",
			);
			runOnlyForDeploymentPostprocessing = 0;
			shellPath = /bin/sh;
			shellScript = "diff \"${PODS_PODFILE_DIR_PATH}/Podfile.lock\" \"${PODS_ROOT}/Manifest.lock\" > /dev/null\nif [ $? != 0 ] ; then\n    # print error to STDERR\n    echo \"error: The sandbox is not in sync with the Podfile.lock. Run 'pod install' or update your CocoaPods installation.\" >&2\n    exit 1\nfi\n# This output is used by Xcode 'outputs' to avoid re-running this script phase.\necho \"SUCCESS\" > \"${SCRIPT_OUTPUT_FILE_0}\"\n";
			showEnvVarsInLog = 0;
		};
		C3ACA48E70A3F64ECD37C00F /* [CP] Copy Pods Resources */ = {
			isa = PBXShellScriptBuildPhase;
			buildActionMask = 2147483647;
			files = (
			);
			inputFileListPaths = (
				"${PODS_ROOT}/Target Support Files/Pods-Kairos/Pods-Kairos-resources-${CONFIGURATION}-input-files.xcfilelist",
			);
			name = "[CP] Copy Pods Resources";
			outputFileListPaths = (
				"${PODS_ROOT}/Target Support Files/Pods-Kairos/Pods-Kairos-resources-${CONFIGURATION}-output-files.xcfilelist",
			);
			runOnlyForDeploymentPostprocessing = 0;
			shellPath = /bin/sh;
			shellScript = "\"${PODS_ROOT}/Target Support Files/Pods-Kairos/Pods-Kairos-resources.sh\"\n";
			showEnvVarsInLog = 0;
		};
		CAEA2CABA551D4527834A2BF /* [CP] Check Pods Manifest.lock */ = {
			isa = PBXShellScriptBuildPhase;
			buildActionMask = 2147483647;
			files = (
			);
			inputFileListPaths = (
			);
			inputPaths = (
				"${PODS_PODFILE_DIR_PATH}/Podfile.lock",
				"${PODS_ROOT}/Manifest.lock",
			);
			name = "[CP] Check Pods Manifest.lock";
			outputFileListPaths = (
			);
			outputPaths = (
				"$(DERIVED_FILE_DIR)/Pods-Kairos-checkManifestLockResult.txt",
			);
			runOnlyForDeploymentPostprocessing = 0;
			shellPath = /bin/sh;
			shellScript = "diff \"${PODS_PODFILE_DIR_PATH}/Podfile.lock\" \"${PODS_ROOT}/Manifest.lock\" > /dev/null\nif [ $? != 0 ] ; then\n    # print error to STDERR\n    echo \"error: The sandbox is not in sync with the Podfile.lock. Run 'pod install' or update your CocoaPods installation.\" >&2\n    exit 1\nfi\n# This output is used by Xcode 'outputs' to avoid re-running this script phase.\necho \"SUCCESS\" > \"${SCRIPT_OUTPUT_FILE_0}\"\n";
			showEnvVarsInLog = 0;
		};
/* End PBXShellScriptBuildPhase section */

/* Begin PBXSourcesBuildPhase section */
		DC390848242C6ABA00506DA3 /* Sources */ = {
			isa = PBXSourcesBuildPhase;
			buildActionMask = 2147483647;
			files = (
				DC38806224CF9D6800AA8D67 /* SpotSearchRouter.swift in Sources */,
				DC390887242C7CE300506DA3 /* ReviewData.swift in Sources */,
				DC542881248D76DC000571EB /* HomeView.swift in Sources */,
				DC4BBE3B2443AF440034328A /* MapViewController.swift in Sources */,
				DCEFC13824DA4967003BE581 /* SearchBar.swift in Sources */,
				DC38806424CFA02700AA8D67 /* SpotSearchView.swift in Sources */,
				DCBD4375249067850045F0E7 /* BuildReviewRouter.swift in Sources */,
				DC7AA99B24958B2100DEAFD5 /* BuildReviewChatView.swift in Sources */,
				DC542889248D9D76000571EB /* BuildReviewView.swift in Sources */,
				DCBD436F2490653E0045F0E7 /* BuildReviewInteractor.swift in Sources */,
				DC957A9524F5E5500047F083 /* DateCriteriaInteractor.swift in Sources */,
				DCBD4371249065DF0045F0E7 /* HomePresenter.swift in Sources */,
				DC7AA99924958B1400DEAFD5 /* BuildReviewCrowdView.swift in Sources */,
				DC10466B249EE71C00750691 /* SpotDetailView.swift in Sources */,
				DC8A7F0E24CF9CEF00A797E9 /* SpotSearchInteractor.swift in Sources */,
				DC390850242C6ABA00506DA3 /* AppDelegate.swift in Sources */,
				DC104673249EEADD00750691 /* SpotData.swift in Sources */,
				DCBD43732490666C0045F0E7 /* BuildReviewPresenter.swift in Sources */,
				DC957A9B24F5E5760047F083 /* DateCriteriaRouter.swift in Sources */,
				DC104671249EE7AA00750691 /* SpotDetailRouter.swift in Sources */,
				DC957A9724F5E55D0047F083 /* DateCriteriaPresenter.swift in Sources */,
				DC46E27D2495174700F4C92D /* BuildReviewTimeView.swift in Sources */,
				DCBD437724906A0F0045F0E7 /* HomeInteractor.swift in Sources */,
				DC10466D249EE78000750691 /* SpotDetailInteractor.swift in Sources */,
				DC390852242C6ABA00506DA3 /* SceneDelegate.swift in Sources */,
				DC7DE2D5249689BA00B40DDE /* BuildReviewService.swift in Sources */,
				DC390854242C6ABA00506DA3 /* ContentView.swift in Sources */,
				DC46E27724942C7100F4C92D /* BuildReviewLightView.swift in Sources */,
				DC8A7F1024CF9CFB00A797E9 /* SpotSearchPresenter.swift in Sources */,
				DC10466F249EE79C00750691 /* SpotDetailPresenter.swift in Sources */,
				DC542883248D8E1E000571EB /* HomeRouter.swift in Sources */,
				DC957A9D24F5E6170047F083 /* DateCriteraView.swift in Sources */,
				DC104676249EEE8B00750691 /* SpotModel.swift in Sources */,
				DC542887248D9542000571EB /* ReviewModel.swift in Sources */,
				DC104668249EDB8500750691 /* SpotReviewService.swift in Sources */,
				DCCC479424BD5AC0005DD0AA /* SpotNameSearch.swift in Sources */,
			);
			runOnlyForDeploymentPostprocessing = 0;
		};
		DC39085E242C6ABB00506DA3 /* Sources */ = {
			isa = PBXSourcesBuildPhase;
			buildActionMask = 2147483647;
			files = (
				DC390867242C6ABB00506DA3 /* KairosTests.swift in Sources */,
			);
			runOnlyForDeploymentPostprocessing = 0;
		};
		DC390869242C6ABB00506DA3 /* Sources */ = {
			isa = PBXSourcesBuildPhase;
			buildActionMask = 2147483647;
			files = (
				DC390872242C6ABB00506DA3 /* KairosUITests.swift in Sources */,
			);
			runOnlyForDeploymentPostprocessing = 0;
		};
/* End PBXSourcesBuildPhase section */

/* Begin PBXTargetDependency section */
		DC390864242C6ABB00506DA3 /* PBXTargetDependency */ = {
			isa = PBXTargetDependency;
			target = DC39084B242C6ABA00506DA3 /* Kairos */;
			targetProxy = DC390863242C6ABB00506DA3 /* PBXContainerItemProxy */;
		};
		DC39086F242C6ABB00506DA3 /* PBXTargetDependency */ = {
			isa = PBXTargetDependency;
			target = DC39084B242C6ABA00506DA3 /* Kairos */;
			targetProxy = DC39086E242C6ABB00506DA3 /* PBXContainerItemProxy */;
		};
/* End PBXTargetDependency section */

/* Begin PBXVariantGroup section */
		DC39085A242C6ABB00506DA3 /* LaunchScreen.storyboard */ = {
			isa = PBXVariantGroup;
			children = (
				DC39085B242C6ABB00506DA3 /* Base */,
			);
			name = LaunchScreen.storyboard;
			sourceTree = "<group>";
		};
/* End PBXVariantGroup section */

/* Begin XCBuildConfiguration section */
		DC390874242C6ABB00506DA3 /* Debug */ = {
			isa = XCBuildConfiguration;
			buildSettings = {
				ALWAYS_SEARCH_USER_PATHS = NO;
				CLANG_ANALYZER_NONNULL = YES;
				CLANG_ANALYZER_NUMBER_OBJECT_CONVERSION = YES_AGGRESSIVE;
				CLANG_CXX_LANGUAGE_STANDARD = "gnu++14";
				CLANG_CXX_LIBRARY = "libc++";
				CLANG_ENABLE_MODULES = YES;
				CLANG_ENABLE_OBJC_ARC = YES;
				CLANG_ENABLE_OBJC_WEAK = YES;
				CLANG_WARN_BLOCK_CAPTURE_AUTORELEASING = YES;
				CLANG_WARN_BOOL_CONVERSION = YES;
				CLANG_WARN_COMMA = YES;
				CLANG_WARN_CONSTANT_CONVERSION = YES;
				CLANG_WARN_DEPRECATED_OBJC_IMPLEMENTATIONS = YES;
				CLANG_WARN_DIRECT_OBJC_ISA_USAGE = YES_ERROR;
				CLANG_WARN_DOCUMENTATION_COMMENTS = YES;
				CLANG_WARN_EMPTY_BODY = YES;
				CLANG_WARN_ENUM_CONVERSION = YES;
				CLANG_WARN_INFINITE_RECURSION = YES;
				CLANG_WARN_INT_CONVERSION = YES;
				CLANG_WARN_NON_LITERAL_NULL_CONVERSION = YES;
				CLANG_WARN_OBJC_IMPLICIT_RETAIN_SELF = YES;
				CLANG_WARN_OBJC_LITERAL_CONVERSION = YES;
				CLANG_WARN_OBJC_ROOT_CLASS = YES_ERROR;
				CLANG_WARN_RANGE_LOOP_ANALYSIS = YES;
				CLANG_WARN_STRICT_PROTOTYPES = YES;
				CLANG_WARN_SUSPICIOUS_MOVE = YES;
				CLANG_WARN_UNGUARDED_AVAILABILITY = YES_AGGRESSIVE;
				CLANG_WARN_UNREACHABLE_CODE = YES;
				CLANG_WARN__DUPLICATE_METHOD_MATCH = YES;
				COPY_PHASE_STRIP = NO;
				DEBUG_INFORMATION_FORMAT = dwarf;
				ENABLE_STRICT_OBJC_MSGSEND = YES;
				ENABLE_TESTABILITY = YES;
				GCC_C_LANGUAGE_STANDARD = gnu11;
				GCC_DYNAMIC_NO_PIC = NO;
				GCC_NO_COMMON_BLOCKS = YES;
				GCC_OPTIMIZATION_LEVEL = 0;
				GCC_PREPROCESSOR_DEFINITIONS = (
					"DEBUG=1",
					"$(inherited)",
				);
				GCC_WARN_64_TO_32_BIT_CONVERSION = YES;
				GCC_WARN_ABOUT_RETURN_TYPE = YES_ERROR;
				GCC_WARN_UNDECLARED_SELECTOR = YES;
				GCC_WARN_UNINITIALIZED_AUTOS = YES_AGGRESSIVE;
				GCC_WARN_UNUSED_FUNCTION = YES;
				GCC_WARN_UNUSED_VARIABLE = YES;
				IPHONEOS_DEPLOYMENT_TARGET = 13.4;
				MTL_ENABLE_DEBUG_INFO = INCLUDE_SOURCE;
				MTL_FAST_MATH = YES;
				ONLY_ACTIVE_ARCH = YES;
				SDKROOT = iphoneos;
				SWIFT_ACTIVE_COMPILATION_CONDITIONS = DEBUG;
				SWIFT_OPTIMIZATION_LEVEL = "-Onone";
			};
			name = Debug;
		};
		DC390875242C6ABB00506DA3 /* Release */ = {
			isa = XCBuildConfiguration;
			buildSettings = {
				ALWAYS_SEARCH_USER_PATHS = NO;
				CLANG_ANALYZER_NONNULL = YES;
				CLANG_ANALYZER_NUMBER_OBJECT_CONVERSION = YES_AGGRESSIVE;
				CLANG_CXX_LANGUAGE_STANDARD = "gnu++14";
				CLANG_CXX_LIBRARY = "libc++";
				CLANG_ENABLE_MODULES = YES;
				CLANG_ENABLE_OBJC_ARC = YES;
				CLANG_ENABLE_OBJC_WEAK = YES;
				CLANG_WARN_BLOCK_CAPTURE_AUTORELEASING = YES;
				CLANG_WARN_BOOL_CONVERSION = YES;
				CLANG_WARN_COMMA = YES;
				CLANG_WARN_CONSTANT_CONVERSION = YES;
				CLANG_WARN_DEPRECATED_OBJC_IMPLEMENTATIONS = YES;
				CLANG_WARN_DIRECT_OBJC_ISA_USAGE = YES_ERROR;
				CLANG_WARN_DOCUMENTATION_COMMENTS = YES;
				CLANG_WARN_EMPTY_BODY = YES;
				CLANG_WARN_ENUM_CONVERSION = YES;
				CLANG_WARN_INFINITE_RECURSION = YES;
				CLANG_WARN_INT_CONVERSION = YES;
				CLANG_WARN_NON_LITERAL_NULL_CONVERSION = YES;
				CLANG_WARN_OBJC_IMPLICIT_RETAIN_SELF = YES;
				CLANG_WARN_OBJC_LITERAL_CONVERSION = YES;
				CLANG_WARN_OBJC_ROOT_CLASS = YES_ERROR;
				CLANG_WARN_RANGE_LOOP_ANALYSIS = YES;
				CLANG_WARN_STRICT_PROTOTYPES = YES;
				CLANG_WARN_SUSPICIOUS_MOVE = YES;
				CLANG_WARN_UNGUARDED_AVAILABILITY = YES_AGGRESSIVE;
				CLANG_WARN_UNREACHABLE_CODE = YES;
				CLANG_WARN__DUPLICATE_METHOD_MATCH = YES;
				COPY_PHASE_STRIP = NO;
				DEBUG_INFORMATION_FORMAT = "dwarf-with-dsym";
				ENABLE_NS_ASSERTIONS = NO;
				ENABLE_STRICT_OBJC_MSGSEND = YES;
				GCC_C_LANGUAGE_STANDARD = gnu11;
				GCC_NO_COMMON_BLOCKS = YES;
				GCC_WARN_64_TO_32_BIT_CONVERSION = YES;
				GCC_WARN_ABOUT_RETURN_TYPE = YES_ERROR;
				GCC_WARN_UNDECLARED_SELECTOR = YES;
				GCC_WARN_UNINITIALIZED_AUTOS = YES_AGGRESSIVE;
				GCC_WARN_UNUSED_FUNCTION = YES;
				GCC_WARN_UNUSED_VARIABLE = YES;
				IPHONEOS_DEPLOYMENT_TARGET = 13.4;
				MTL_ENABLE_DEBUG_INFO = NO;
				MTL_FAST_MATH = YES;
				SDKROOT = iphoneos;
				SWIFT_COMPILATION_MODE = wholemodule;
				SWIFT_OPTIMIZATION_LEVEL = "-O";
				VALIDATE_PRODUCT = YES;
			};
			name = Release;
		};
		DC390877242C6ABB00506DA3 /* Debug */ = {
			isa = XCBuildConfiguration;
			baseConfigurationReference = 7DB25F9107E0F2A350672CA3 /* Pods-Kairos.debug.xcconfig */;
			buildSettings = {
				ASSETCATALOG_COMPILER_APPICON_NAME = AppIcon;
				CODE_SIGN_STYLE = Automatic;
				DEVELOPMENT_ASSET_PATHS = "\"Kairos/Preview Content\"";
				DEVELOPMENT_TEAM = JSUCR8R92M;
				ENABLE_PREVIEWS = YES;
				INFOPLIST_FILE = Kairos/Info.plist;
				LD_RUNPATH_SEARCH_PATHS = (
					"$(inherited)",
					"@executable_path/Frameworks",
				);
				PRODUCT_BUNDLE_IDENTIFIER = "Alex-McCaffrey.Kairos";
				PRODUCT_NAME = "$(TARGET_NAME)";
				SWIFT_VERSION = 5.0;
				TARGETED_DEVICE_FAMILY = "1,2";
			};
			name = Debug;
		};
		DC390878242C6ABB00506DA3 /* Release */ = {
			isa = XCBuildConfiguration;
			baseConfigurationReference = 11B3A4749873BEA5A5A8866A /* Pods-Kairos.release.xcconfig */;
			buildSettings = {
				ASSETCATALOG_COMPILER_APPICON_NAME = AppIcon;
				CODE_SIGN_STYLE = Automatic;
				DEVELOPMENT_ASSET_PATHS = "\"Kairos/Preview Content\"";
				DEVELOPMENT_TEAM = JSUCR8R92M;
				ENABLE_PREVIEWS = YES;
				INFOPLIST_FILE = Kairos/Info.plist;
				LD_RUNPATH_SEARCH_PATHS = (
					"$(inherited)",
					"@executable_path/Frameworks",
				);
				PRODUCT_BUNDLE_IDENTIFIER = "Alex-McCaffrey.Kairos";
				PRODUCT_NAME = "$(TARGET_NAME)";
				SWIFT_VERSION = 5.0;
				TARGETED_DEVICE_FAMILY = "1,2";
			};
			name = Release;
		};
		DC39087A242C6ABB00506DA3 /* Debug */ = {
			isa = XCBuildConfiguration;
			baseConfigurationReference = 9FEB15551D8926D95A7EAB94 /* Pods-KairosTests.debug.xcconfig */;
			buildSettings = {
				ALWAYS_EMBED_SWIFT_STANDARD_LIBRARIES = YES;
				BUNDLE_LOADER = "$(TEST_HOST)";
				CODE_SIGN_STYLE = Automatic;
				INFOPLIST_FILE = KairosTests/Info.plist;
				IPHONEOS_DEPLOYMENT_TARGET = 13.4;
				LD_RUNPATH_SEARCH_PATHS = (
					"$(inherited)",
					"@executable_path/Frameworks",
					"@loader_path/Frameworks",
				);
				PRODUCT_BUNDLE_IDENTIFIER = "Alex-McCaffrey.KairosTests";
				PRODUCT_NAME = "$(TARGET_NAME)";
				SWIFT_VERSION = 5.0;
				TARGETED_DEVICE_FAMILY = "1,2";
				TEST_HOST = "$(BUILT_PRODUCTS_DIR)/Kairos.app/Kairos";
			};
			name = Debug;
		};
		DC39087B242C6ABB00506DA3 /* Release */ = {
			isa = XCBuildConfiguration;
			baseConfigurationReference = D890207FB8A21CB017502583 /* Pods-KairosTests.release.xcconfig */;
			buildSettings = {
				ALWAYS_EMBED_SWIFT_STANDARD_LIBRARIES = YES;
				BUNDLE_LOADER = "$(TEST_HOST)";
				CODE_SIGN_STYLE = Automatic;
				INFOPLIST_FILE = KairosTests/Info.plist;
				IPHONEOS_DEPLOYMENT_TARGET = 13.4;
				LD_RUNPATH_SEARCH_PATHS = (
					"$(inherited)",
					"@executable_path/Frameworks",
					"@loader_path/Frameworks",
				);
				PRODUCT_BUNDLE_IDENTIFIER = "Alex-McCaffrey.KairosTests";
				PRODUCT_NAME = "$(TARGET_NAME)";
				SWIFT_VERSION = 5.0;
				TARGETED_DEVICE_FAMILY = "1,2";
				TEST_HOST = "$(BUILT_PRODUCTS_DIR)/Kairos.app/Kairos";
			};
			name = Release;
		};
		DC39087D242C6ABB00506DA3 /* Debug */ = {
			isa = XCBuildConfiguration;
			baseConfigurationReference = 1521B6A7B67A10B5E8F9375E /* Pods-KairosUITests.debug.xcconfig */;
			buildSettings = {
				ALWAYS_EMBED_SWIFT_STANDARD_LIBRARIES = YES;
				CODE_SIGN_STYLE = Automatic;
				INFOPLIST_FILE = KairosUITests/Info.plist;
				LD_RUNPATH_SEARCH_PATHS = (
					"$(inherited)",
					"@executable_path/Frameworks",
					"@loader_path/Frameworks",
				);
				PRODUCT_BUNDLE_IDENTIFIER = "Alex-McCaffrey.KairosUITests";
				PRODUCT_NAME = "$(TARGET_NAME)";
				SWIFT_VERSION = 5.0;
				TARGETED_DEVICE_FAMILY = "1,2";
				TEST_TARGET_NAME = Kairos;
			};
			name = Debug;
		};
		DC39087E242C6ABB00506DA3 /* Release */ = {
			isa = XCBuildConfiguration;
			baseConfigurationReference = 162E11E262AB1526009B7739 /* Pods-KairosUITests.release.xcconfig */;
			buildSettings = {
				ALWAYS_EMBED_SWIFT_STANDARD_LIBRARIES = YES;
				CODE_SIGN_STYLE = Automatic;
				INFOPLIST_FILE = KairosUITests/Info.plist;
				LD_RUNPATH_SEARCH_PATHS = (
					"$(inherited)",
					"@executable_path/Frameworks",
					"@loader_path/Frameworks",
				);
				PRODUCT_BUNDLE_IDENTIFIER = "Alex-McCaffrey.KairosUITests";
				PRODUCT_NAME = "$(TARGET_NAME)";
				SWIFT_VERSION = 5.0;
				TARGETED_DEVICE_FAMILY = "1,2";
				TEST_TARGET_NAME = Kairos;
			};
			name = Release;
		};
/* End XCBuildConfiguration section */

/* Begin XCConfigurationList section */
		DC390847242C6ABA00506DA3 /* Build configuration list for PBXProject "Kairos" */ = {
			isa = XCConfigurationList;
			buildConfigurations = (
				DC390874242C6ABB00506DA3 /* Debug */,
				DC390875242C6ABB00506DA3 /* Release */,
			);
			defaultConfigurationIsVisible = 0;
			defaultConfigurationName = Release;
		};
		DC390876242C6ABB00506DA3 /* Build configuration list for PBXNativeTarget "Kairos" */ = {
			isa = XCConfigurationList;
			buildConfigurations = (
				DC390877242C6ABB00506DA3 /* Debug */,
				DC390878242C6ABB00506DA3 /* Release */,
			);
			defaultConfigurationIsVisible = 0;
			defaultConfigurationName = Release;
		};
		DC390879242C6ABB00506DA3 /* Build configuration list for PBXNativeTarget "KairosTests" */ = {
			isa = XCConfigurationList;
			buildConfigurations = (
				DC39087A242C6ABB00506DA3 /* Debug */,
				DC39087B242C6ABB00506DA3 /* Release */,
			);
			defaultConfigurationIsVisible = 0;
			defaultConfigurationName = Release;
		};
		DC39087C242C6ABB00506DA3 /* Build configuration list for PBXNativeTarget "KairosUITests" */ = {
			isa = XCConfigurationList;
			buildConfigurations = (
				DC39087D242C6ABB00506DA3 /* Debug */,
				DC39087E242C6ABB00506DA3 /* Release */,
			);
			defaultConfigurationIsVisible = 0;
			defaultConfigurationName = Release;
		};
/* End XCConfigurationList section */
	};
	rootObject = DC390844242C6ABA00506DA3 /* Project object */;
}
