// !$*UTF8*$!
{
	archiveVersion = 1;
	classes = {
	};
	objectVersion = 52;
	objects = {

/* Begin PBXBuildFile section */
		748DE040DB4ED69F2CBF3364 /* libPods-KairosUITests.a in Frameworks */ = {isa = PBXBuildFile; fileRef = 81625AAC4D831A83F8A86F6E /* libPods-KairosUITests.a */; };
		90F205A5D05AFFB4191480F9 /* Pods_Kairos.framework in Frameworks */ = {isa = PBXBuildFile; fileRef = C10E55DC47D9BFDF6960B90F /* Pods_Kairos.framework */; };
		DC104668249EDB8500750691 /* SpotReviewService.swift in Sources */ = {isa = PBXBuildFile; fileRef = DC104667249EDB8500750691 /* SpotReviewService.swift */; };
		DC10466B249EE71C00750691 /* SpotDetailView.swift in Sources */ = {isa = PBXBuildFile; fileRef = DC10466A249EE71C00750691 /* SpotDetailView.swift */; };
		DC10466D249EE78000750691 /* SpotDetailInteractor.swift in Sources */ = {isa = PBXBuildFile; fileRef = DC10466C249EE78000750691 /* SpotDetailInteractor.swift */; };
		DC10466F249EE79C00750691 /* SpotDetailPresenter.swift in Sources */ = {isa = PBXBuildFile; fileRef = DC10466E249EE79C00750691 /* SpotDetailPresenter.swift */; };
		DC104671249EE7AA00750691 /* SpotDetailRouter.swift in Sources */ = {isa = PBXBuildFile; fileRef = DC104670249EE7AA00750691 /* SpotDetailRouter.swift */; };
		DC104673249EEADD00750691 /* SpotData.swift in Sources */ = {isa = PBXBuildFile; fileRef = DC104672249EEADD00750691 /* SpotData.swift */; };
		DC104676249EEE8B00750691 /* SpotModel.swift in Sources */ = {isa = PBXBuildFile; fileRef = DC104675249EEE8B00750691 /* SpotModel.swift */; };
		DC14A655255CDB3D00F6FDD2 /* Sliders in Frameworks */ = {isa = PBXBuildFile; productRef = DC14A654255CDB3D00F6FDD2 /* Sliders */; };
		DC38806224CF9D6800AA8D67 /* SpotSearchRouter.swift in Sources */ = {isa = PBXBuildFile; fileRef = DC38806124CF9D6800AA8D67 /* SpotSearchRouter.swift */; };
		DC38806424CFA02700AA8D67 /* SpotSearchView.swift in Sources */ = {isa = PBXBuildFile; fileRef = DC38806324CFA02700AA8D67 /* SpotSearchView.swift */; };
		DC390850242C6ABA00506DA3 /* AppDelegate.swift in Sources */ = {isa = PBXBuildFile; fileRef = DC39084F242C6ABA00506DA3 /* AppDelegate.swift */; };
		DC390852242C6ABA00506DA3 /* SceneDelegate.swift in Sources */ = {isa = PBXBuildFile; fileRef = DC390851242C6ABA00506DA3 /* SceneDelegate.swift */; };
		DC390854242C6ABA00506DA3 /* ContentView.swift in Sources */ = {isa = PBXBuildFile; fileRef = DC390853242C6ABA00506DA3 /* ContentView.swift */; };
		DC390859242C6ABB00506DA3 /* Preview Assets.xcassets in Resources */ = {isa = PBXBuildFile; fileRef = DC390858242C6ABB00506DA3 /* Preview Assets.xcassets */; };
		DC39085C242C6ABB00506DA3 /* LaunchScreen.storyboard in Resources */ = {isa = PBXBuildFile; fileRef = DC39085A242C6ABB00506DA3 /* LaunchScreen.storyboard */; };
		DC390867242C6ABB00506DA3 /* KairosTests.swift in Sources */ = {isa = PBXBuildFile; fileRef = DC390866242C6ABB00506DA3 /* KairosTests.swift */; };
		DC390872242C6ABB00506DA3 /* KairosUITests.swift in Sources */ = {isa = PBXBuildFile; fileRef = DC390871242C6ABB00506DA3 /* KairosUITests.swift */; };
		DC390887242C7CE300506DA3 /* ReviewData.swift in Sources */ = {isa = PBXBuildFile; fileRef = DC390886242C7CE300506DA3 /* ReviewData.swift */; };
		DC3AFC3B255F4FC900ABD199 /* BubbleDropdown.swift in Sources */ = {isa = PBXBuildFile; fileRef = DC3AFC3A255F4FC900ABD199 /* BubbleDropdown.swift */; };
		DC3BC05025661A520067654F /* UserSignUpService.swift in Sources */ = {isa = PBXBuildFile; fileRef = DC3BC04F25661A520067654F /* UserSignUpService.swift */; };
		DC403240258C53CD00D189A8 /* ReviewCheckService.swift in Sources */ = {isa = PBXBuildFile; fileRef = DC40323F258C53CC00D189A8 /* ReviewCheckService.swift */; };
		DC4BBE322443AC680034328A /* Storyboard.storyboard in Resources */ = {isa = PBXBuildFile; fileRef = DC4BBE312443AC680034328A /* Storyboard.storyboard */; };
		DC4BBE382443AD420034328A /* Assets.xcassets in Resources */ = {isa = PBXBuildFile; fileRef = DC4BBE372443AD420034328A /* Assets.xcassets */; };
		DC4BBE3B2443AF440034328A /* MapViewController.swift in Sources */ = {isa = PBXBuildFile; fileRef = DC4BBE3A2443AF440034328A /* MapViewController.swift */; };
		DC4C79D125308FD600A23AA6 /* ServerErrorData.swift in Sources */ = {isa = PBXBuildFile; fileRef = DC4C79D025308FD600A23AA6 /* ServerErrorData.swift */; };
		DC4C79D625308FEF00A23AA6 /* ServerErrorModel.swift in Sources */ = {isa = PBXBuildFile; fileRef = DC4C79D525308FEF00A23AA6 /* ServerErrorModel.swift */; };
		DC4C79DB2532ADE300A23AA6 /* LoginService.swift in Sources */ = {isa = PBXBuildFile; fileRef = DC4C79DA2532ADE300A23AA6 /* LoginService.swift */; };
		DC4C79E02532B10100A23AA6 /* UserLoginData.swift in Sources */ = {isa = PBXBuildFile; fileRef = DC4C79DF2532B10100A23AA6 /* UserLoginData.swift */; };
		DC4C79E82532B2B300A23AA6 /* UserLoginModel.swift in Sources */ = {isa = PBXBuildFile; fileRef = DC4C79E72532B2B300A23AA6 /* UserLoginModel.swift */; };
		DC4C79ED2532B6FB00A23AA6 /* UserRefreshToken.swift in Sources */ = {isa = PBXBuildFile; fileRef = DC4C79EC2532B6FB00A23AA6 /* UserRefreshToken.swift */; };
		DC4C79FE253B8F2A00A23AA6 /* LoginInteractor.swift in Sources */ = {isa = PBXBuildFile; fileRef = DC4C79FD253B8F2A00A23AA6 /* LoginInteractor.swift */; };
		DC4C7A06253B8F3D00A23AA6 /* LoginPresenter.swift in Sources */ = {isa = PBXBuildFile; fileRef = DC4C7A05253B8F3D00A23AA6 /* LoginPresenter.swift */; };
		DC4C7A0B253B8F4C00A23AA6 /* LoginRouter.swift in Sources */ = {isa = PBXBuildFile; fileRef = DC4C7A0A253B8F4C00A23AA6 /* LoginRouter.swift */; };
		DC4C7A11253B8F6A00A23AA6 /* LoginView.swift in Sources */ = {isa = PBXBuildFile; fileRef = DC4C7A10253B8F6A00A23AA6 /* LoginView.swift */; };
		DC4C7A19254CF48000A23AA6 /* BubbleTextField.swift in Sources */ = {isa = PBXBuildFile; fileRef = DC4C7A18254CF48000A23AA6 /* BubbleTextField.swift */; };
		DC53F9912572C36D00247BA5 /* UserLocationService.swift in Sources */ = {isa = PBXBuildFile; fileRef = DC53F9902572C36D00247BA5 /* UserLocationService.swift */; };
		DC542881248D76DC000571EB /* HomeView.swift in Sources */ = {isa = PBXBuildFile; fileRef = DC542880248D76DC000571EB /* HomeView.swift */; };
		DC542883248D8E1E000571EB /* HomeRouter.swift in Sources */ = {isa = PBXBuildFile; fileRef = DC542882248D8E1E000571EB /* HomeRouter.swift */; };
		DC542887248D9542000571EB /* ReviewModel.swift in Sources */ = {isa = PBXBuildFile; fileRef = DC542886248D9542000571EB /* ReviewModel.swift */; };
		DC542889248D9D76000571EB /* BuildReviewView.swift in Sources */ = {isa = PBXBuildFile; fileRef = DC542888248D9D76000571EB /* BuildReviewView.swift */; };
		DC568B8C2516D38500A1B856 /* SpotFinderSearch.swift in Sources */ = {isa = PBXBuildFile; fileRef = DC568B8B2516D38500A1B856 /* SpotFinderSearch.swift */; };
		DC7DE2D5249689BA00B40DDE /* BuildReviewService.swift in Sources */ = {isa = PBXBuildFile; fileRef = DC7DE2D4249689BA00B40DDE /* BuildReviewService.swift */; };
		DC8A7F0E24CF9CEF00A797E9 /* SpotSearchInteractor.swift in Sources */ = {isa = PBXBuildFile; fileRef = DC8A7F0D24CF9CEF00A797E9 /* SpotSearchInteractor.swift */; };
		DC8A7F1024CF9CFB00A797E9 /* SpotSearchPresenter.swift in Sources */ = {isa = PBXBuildFile; fileRef = DC8A7F0F24CF9CFB00A797E9 /* SpotSearchPresenter.swift */; };
		DC9439C2259B62F40032B5E3 /* NearbySpots.swift in Sources */ = {isa = PBXBuildFile; fileRef = DC9439C1259B62F40032B5E3 /* NearbySpots.swift */; };
		DC9439C7259B64210032B5E3 /* RecentlyReviewed.swift in Sources */ = {isa = PBXBuildFile; fileRef = DC9439C6259B64210032B5E3 /* RecentlyReviewed.swift */; };
		DC957A9524F5E5500047F083 /* DateCriteriaInteractor.swift in Sources */ = {isa = PBXBuildFile; fileRef = DC957A9424F5E5500047F083 /* DateCriteriaInteractor.swift */; };
		DC957A9724F5E55D0047F083 /* DateCriteriaPresenter.swift in Sources */ = {isa = PBXBuildFile; fileRef = DC957A9624F5E55D0047F083 /* DateCriteriaPresenter.swift */; };
		DC957A9B24F5E5760047F083 /* DateCriteriaRouter.swift in Sources */ = {isa = PBXBuildFile; fileRef = DC957A9A24F5E5760047F083 /* DateCriteriaRouter.swift */; };
		DC957A9D24F5E6170047F083 /* DateCriteraView.swift in Sources */ = {isa = PBXBuildFile; fileRef = DC957A9C24F5E6170047F083 /* DateCriteraView.swift */; };
		DC9A73AB254F1A3E0066912C /* Metropolis-Bold.otf in Resources */ = {isa = PBXBuildFile; fileRef = DC9A7399254F1A3E0066912C /* Metropolis-Bold.otf */; };
		DC9A73AC254F1A3E0066912C /* Metropolis-Thin.otf in Resources */ = {isa = PBXBuildFile; fileRef = DC9A739A254F1A3E0066912C /* Metropolis-Thin.otf */; };
		DC9A73AD254F1A3E0066912C /* Metropolis-RegularItalic.otf in Resources */ = {isa = PBXBuildFile; fileRef = DC9A739B254F1A3E0066912C /* Metropolis-RegularItalic.otf */; };
		DC9A73AE254F1A3E0066912C /* Metropolis-ExtraBold.otf in Resources */ = {isa = PBXBuildFile; fileRef = DC9A739C254F1A3E0066912C /* Metropolis-ExtraBold.otf */; };
		DC9A73AF254F1A3E0066912C /* Metropolis-SemiBoldItalic.otf in Resources */ = {isa = PBXBuildFile; fileRef = DC9A739D254F1A3E0066912C /* Metropolis-SemiBoldItalic.otf */; };
		DC9A73B0254F1A3E0066912C /* Metropolis-Light.otf in Resources */ = {isa = PBXBuildFile; fileRef = DC9A739E254F1A3E0066912C /* Metropolis-Light.otf */; };
		DC9A73B1254F1A3E0066912C /* Metropolis-Regular.otf in Resources */ = {isa = PBXBuildFile; fileRef = DC9A739F254F1A3E0066912C /* Metropolis-Regular.otf */; };
		DC9A73B2254F1A3E0066912C /* Metropolis-Black.otf in Resources */ = {isa = PBXBuildFile; fileRef = DC9A73A0254F1A3E0066912C /* Metropolis-Black.otf */; };
		DC9A73B3254F1A3E0066912C /* Metropolis-ExtraLightItalic.otf in Resources */ = {isa = PBXBuildFile; fileRef = DC9A73A1254F1A3E0066912C /* Metropolis-ExtraLightItalic.otf */; };
		DC9A73B4254F1A3E0066912C /* Metropolis-Medium.otf in Resources */ = {isa = PBXBuildFile; fileRef = DC9A73A2254F1A3E0066912C /* Metropolis-Medium.otf */; };
		DC9A73B5254F1A3E0066912C /* Metropolis-BlackItalic.otf in Resources */ = {isa = PBXBuildFile; fileRef = DC9A73A3254F1A3E0066912C /* Metropolis-BlackItalic.otf */; };
		DC9A73B6254F1A3E0066912C /* Metropolis-ThinItalic.otf in Resources */ = {isa = PBXBuildFile; fileRef = DC9A73A4254F1A3E0066912C /* Metropolis-ThinItalic.otf */; };
		DC9A73B7254F1A3E0066912C /* Metropolis-ExtraLight.otf in Resources */ = {isa = PBXBuildFile; fileRef = DC9A73A5254F1A3E0066912C /* Metropolis-ExtraLight.otf */; };
		DC9A73B8254F1A3E0066912C /* Metropolis-MediumItalic.otf in Resources */ = {isa = PBXBuildFile; fileRef = DC9A73A6254F1A3E0066912C /* Metropolis-MediumItalic.otf */; };
		DC9A73B9254F1A3E0066912C /* Metropolis-LightItalic.otf in Resources */ = {isa = PBXBuildFile; fileRef = DC9A73A7254F1A3E0066912C /* Metropolis-LightItalic.otf */; };
		DC9A73BA254F1A3E0066912C /* Metropolis-SemiBold.otf in Resources */ = {isa = PBXBuildFile; fileRef = DC9A73A8254F1A3E0066912C /* Metropolis-SemiBold.otf */; };
		DC9A73BB254F1A3E0066912C /* Metropolis-BoldItalic.otf in Resources */ = {isa = PBXBuildFile; fileRef = DC9A73A9254F1A3E0066912C /* Metropolis-BoldItalic.otf */; };
		DC9A73BC254F1A3E0066912C /* Metropolis-ExtraBoldItalic.otf in Resources */ = {isa = PBXBuildFile; fileRef = DC9A73AA254F1A3E0066912C /* Metropolis-ExtraBoldItalic.otf */; };
		DCB742C7257407BE0053A800 /* SpotlightCell.swift in Sources */ = {isa = PBXBuildFile; fileRef = DCB742C6257407BE0053A800 /* SpotlightCell.swift */; };
		DCBD436F2490653E0045F0E7 /* BuildReviewInteractor.swift in Sources */ = {isa = PBXBuildFile; fileRef = DCBD436E2490653E0045F0E7 /* BuildReviewInteractor.swift */; };
		DCBD4371249065DF0045F0E7 /* HomePresenter.swift in Sources */ = {isa = PBXBuildFile; fileRef = DCBD4370249065DF0045F0E7 /* HomePresenter.swift */; };
		DCBD43732490666C0045F0E7 /* BuildReviewPresenter.swift in Sources */ = {isa = PBXBuildFile; fileRef = DCBD43722490666C0045F0E7 /* BuildReviewPresenter.swift */; };
		DCBD4375249067850045F0E7 /* BuildReviewRouter.swift in Sources */ = {isa = PBXBuildFile; fileRef = DCBD4374249067850045F0E7 /* BuildReviewRouter.swift */; };
		DCBD437724906A0F0045F0E7 /* HomeInteractor.swift in Sources */ = {isa = PBXBuildFile; fileRef = DCBD437624906A0F0045F0E7 /* HomeInteractor.swift */; };
		DCCC479424BD5AC0005DD0AA /* SpotNameSearch.swift in Sources */ = {isa = PBXBuildFile; fileRef = DCCC479324BD5AC0005DD0AA /* SpotNameSearch.swift */; };
		DCCE4CCB251661D200495987 /* ActivityInidicator.swift in Sources */ = {isa = PBXBuildFile; fileRef = DCCE4CCA251661D200495987 /* ActivityInidicator.swift */; };
		DCDA3169258C6F0E005AD374 /* ReviewCheckModel.swift in Sources */ = {isa = PBXBuildFile; fileRef = DCDA3168258C6F0E005AD374 /* ReviewCheckModel.swift */; };
		DCDA316E258D7561005AD374 /* LoadingAnimation.swift in Sources */ = {isa = PBXBuildFile; fileRef = DCDA316D258D7561005AD374 /* LoadingAnimation.swift */; };
		DCDB1487257F3AA0009173F4 /* ImageDownloadService.swift in Sources */ = {isa = PBXBuildFile; fileRef = DCDB1486257F3AA0009173F4 /* ImageDownloadService.swift */; };
		DCE7B17F25624FB500550BF8 /* WideSpotCell.swift in Sources */ = {isa = PBXBuildFile; fileRef = DCE7B17E25624FB500550BF8 /* WideSpotCell.swift */; };
		DCEA40BA256C954000A7D58A /* LocationData.swift in Sources */ = {isa = PBXBuildFile; fileRef = DCEA40B9256C954000A7D58A /* LocationData.swift */; };
		DCEA40C2256C985F00A7D58A /* LocationModel.swift in Sources */ = {isa = PBXBuildFile; fileRef = DCEA40C1256C985F00A7D58A /* LocationModel.swift */; };
		F0789BA840B519F588A0C4F7 /* libPods-KairosTests.a in Frameworks */ = {isa = PBXBuildFile; fileRef = 715A3EC4B692F9592D5A4F52 /* libPods-KairosTests.a */; };
/* End PBXBuildFile section */

/* Begin PBXContainerItemProxy section */
		DC390863242C6ABB00506DA3 /* PBXContainerItemProxy */ = {
			isa = PBXContainerItemProxy;
			containerPortal = DC390844242C6ABA00506DA3 /* Project object */;
			proxyType = 1;
			remoteGlobalIDString = DC39084B242C6ABA00506DA3;
			remoteInfo = Kairos;
		};
		DC39086E242C6ABB00506DA3 /* PBXContainerItemProxy */ = {
			isa = PBXContainerItemProxy;
			containerPortal = DC390844242C6ABA00506DA3 /* Project object */;
			proxyType = 1;
			remoteGlobalIDString = DC39084B242C6ABA00506DA3;
			remoteInfo = Kairos;
		};
/* End PBXContainerItemProxy section */

/* Begin PBXFileReference section */
		11B3A4749873BEA5A5A8866A /* Pods-Kairos.release.xcconfig */ = {isa = PBXFileReference; includeInIndex = 1; lastKnownFileType = text.xcconfig; name = "Pods-Kairos.release.xcconfig"; path = "Target Support Files/Pods-Kairos/Pods-Kairos.release.xcconfig"; sourceTree = "<group>"; };
		1521B6A7B67A10B5E8F9375E /* Pods-KairosUITests.debug.xcconfig */ = {isa = PBXFileReference; includeInIndex = 1; lastKnownFileType = text.xcconfig; name = "Pods-KairosUITests.debug.xcconfig"; path = "Target Support Files/Pods-KairosUITests/Pods-KairosUITests.debug.xcconfig"; sourceTree = "<group>"; };
		162E11E262AB1526009B7739 /* Pods-KairosUITests.release.xcconfig */ = {isa = PBXFileReference; includeInIndex = 1; lastKnownFileType = text.xcconfig; name = "Pods-KairosUITests.release.xcconfig"; path = "Target Support Files/Pods-KairosUITests/Pods-KairosUITests.release.xcconfig"; sourceTree = "<group>"; };
		715A3EC4B692F9592D5A4F52 /* libPods-KairosTests.a */ = {isa = PBXFileReference; explicitFileType = archive.ar; includeInIndex = 0; path = "libPods-KairosTests.a"; sourceTree = BUILT_PRODUCTS_DIR; };
		7DB25F9107E0F2A350672CA3 /* Pods-Kairos.debug.xcconfig */ = {isa = PBXFileReference; includeInIndex = 1; lastKnownFileType = text.xcconfig; name = "Pods-Kairos.debug.xcconfig"; path = "Target Support Files/Pods-Kairos/Pods-Kairos.debug.xcconfig"; sourceTree = "<group>"; };
		81625AAC4D831A83F8A86F6E /* libPods-KairosUITests.a */ = {isa = PBXFileReference; explicitFileType = archive.ar; includeInIndex = 0; path = "libPods-KairosUITests.a"; sourceTree = BUILT_PRODUCTS_DIR; };
		9FEB15551D8926D95A7EAB94 /* Pods-KairosTests.debug.xcconfig */ = {isa = PBXFileReference; includeInIndex = 1; lastKnownFileType = text.xcconfig; name = "Pods-KairosTests.debug.xcconfig"; path = "Target Support Files/Pods-KairosTests/Pods-KairosTests.debug.xcconfig"; sourceTree = "<group>"; };
		C10E55DC47D9BFDF6960B90F /* Pods_Kairos.framework */ = {isa = PBXFileReference; explicitFileType = wrapper.framework; includeInIndex = 0; path = Pods_Kairos.framework; sourceTree = BUILT_PRODUCTS_DIR; };
		D890207FB8A21CB017502583 /* Pods-KairosTests.release.xcconfig */ = {isa = PBXFileReference; includeInIndex = 1; lastKnownFileType = text.xcconfig; name = "Pods-KairosTests.release.xcconfig"; path = "Target Support Files/Pods-KairosTests/Pods-KairosTests.release.xcconfig"; sourceTree = "<group>"; };
		DC104667249EDB8500750691 /* SpotReviewService.swift */ = {isa = PBXFileReference; lastKnownFileType = sourcecode.swift; path = SpotReviewService.swift; sourceTree = "<group>"; };
		DC10466A249EE71C00750691 /* SpotDetailView.swift */ = {isa = PBXFileReference; lastKnownFileType = sourcecode.swift; path = SpotDetailView.swift; sourceTree = "<group>"; };
		DC10466C249EE78000750691 /* SpotDetailInteractor.swift */ = {isa = PBXFileReference; lastKnownFileType = sourcecode.swift; path = SpotDetailInteractor.swift; sourceTree = "<group>"; };
		DC10466E249EE79C00750691 /* SpotDetailPresenter.swift */ = {isa = PBXFileReference; lastKnownFileType = sourcecode.swift; path = SpotDetailPresenter.swift; sourceTree = "<group>"; };
		DC104670249EE7AA00750691 /* SpotDetailRouter.swift */ = {isa = PBXFileReference; lastKnownFileType = sourcecode.swift; path = SpotDetailRouter.swift; sourceTree = "<group>"; };
		DC104672249EEADD00750691 /* SpotData.swift */ = {isa = PBXFileReference; lastKnownFileType = sourcecode.swift; path = SpotData.swift; sourceTree = "<group>"; };
		DC104675249EEE8B00750691 /* SpotModel.swift */ = {isa = PBXFileReference; lastKnownFileType = sourcecode.swift; path = SpotModel.swift; sourceTree = "<group>"; };
		DC38806124CF9D6800AA8D67 /* SpotSearchRouter.swift */ = {isa = PBXFileReference; lastKnownFileType = sourcecode.swift; path = SpotSearchRouter.swift; sourceTree = "<group>"; };
		DC38806324CFA02700AA8D67 /* SpotSearchView.swift */ = {isa = PBXFileReference; lastKnownFileType = sourcecode.swift; path = SpotSearchView.swift; sourceTree = "<group>"; };
		DC39084C242C6ABA00506DA3 /* Kairos.app */ = {isa = PBXFileReference; explicitFileType = wrapper.application; includeInIndex = 0; path = Kairos.app; sourceTree = BUILT_PRODUCTS_DIR; };
		DC39084F242C6ABA00506DA3 /* AppDelegate.swift */ = {isa = PBXFileReference; lastKnownFileType = sourcecode.swift; path = AppDelegate.swift; sourceTree = "<group>"; };
		DC390851242C6ABA00506DA3 /* SceneDelegate.swift */ = {isa = PBXFileReference; lastKnownFileType = sourcecode.swift; path = SceneDelegate.swift; sourceTree = "<group>"; };
		DC390853242C6ABA00506DA3 /* ContentView.swift */ = {isa = PBXFileReference; lastKnownFileType = sourcecode.swift; path = ContentView.swift; sourceTree = "<group>"; };
		DC390858242C6ABB00506DA3 /* Preview Assets.xcassets */ = {isa = PBXFileReference; lastKnownFileType = folder.assetcatalog; path = "Preview Assets.xcassets"; sourceTree = "<group>"; };
		DC39085B242C6ABB00506DA3 /* Base */ = {isa = PBXFileReference; lastKnownFileType = file.storyboard; name = Base; path = Base.lproj/LaunchScreen.storyboard; sourceTree = "<group>"; };
		DC39085D242C6ABB00506DA3 /* Info.plist */ = {isa = PBXFileReference; lastKnownFileType = text.plist.xml; path = Info.plist; sourceTree = "<group>"; };
		DC390862242C6ABB00506DA3 /* KairosTests.xctest */ = {isa = PBXFileReference; explicitFileType = wrapper.cfbundle; includeInIndex = 0; path = KairosTests.xctest; sourceTree = BUILT_PRODUCTS_DIR; };
		DC390866242C6ABB00506DA3 /* KairosTests.swift */ = {isa = PBXFileReference; lastKnownFileType = sourcecode.swift; path = KairosTests.swift; sourceTree = "<group>"; };
		DC390868242C6ABB00506DA3 /* Info.plist */ = {isa = PBXFileReference; lastKnownFileType = text.plist.xml; path = Info.plist; sourceTree = "<group>"; };
		DC39086D242C6ABB00506DA3 /* KairosUITests.xctest */ = {isa = PBXFileReference; explicitFileType = wrapper.cfbundle; includeInIndex = 0; path = KairosUITests.xctest; sourceTree = BUILT_PRODUCTS_DIR; };
		DC390871242C6ABB00506DA3 /* KairosUITests.swift */ = {isa = PBXFileReference; lastKnownFileType = sourcecode.swift; path = KairosUITests.swift; sourceTree = "<group>"; };
		DC390873242C6ABB00506DA3 /* Info.plist */ = {isa = PBXFileReference; lastKnownFileType = text.plist.xml; path = Info.plist; sourceTree = "<group>"; };
		DC390886242C7CE300506DA3 /* ReviewData.swift */ = {isa = PBXFileReference; fileEncoding = 4; lastKnownFileType = sourcecode.swift; path = ReviewData.swift; sourceTree = "<group>"; };
		DC3AFC3A255F4FC900ABD199 /* BubbleDropdown.swift */ = {isa = PBXFileReference; lastKnownFileType = sourcecode.swift; path = BubbleDropdown.swift; sourceTree = "<group>"; };
		DC3BC04F25661A520067654F /* UserSignUpService.swift */ = {isa = PBXFileReference; lastKnownFileType = sourcecode.swift; path = UserSignUpService.swift; sourceTree = "<group>"; };
		DC40323F258C53CC00D189A8 /* ReviewCheckService.swift */ = {isa = PBXFileReference; lastKnownFileType = sourcecode.swift; path = ReviewCheckService.swift; sourceTree = "<group>"; };
		DC4BBE312443AC680034328A /* Storyboard.storyboard */ = {isa = PBXFileReference; fileEncoding = 4; lastKnownFileType = file.storyboard; path = Storyboard.storyboard; sourceTree = "<group>"; };
		DC4BBE372443AD420034328A /* Assets.xcassets */ = {isa = PBXFileReference; lastKnownFileType = folder.assetcatalog; path = Assets.xcassets; sourceTree = "<group>"; };
		DC4BBE3A2443AF440034328A /* MapViewController.swift */ = {isa = PBXFileReference; fileEncoding = 4; lastKnownFileType = sourcecode.swift; path = MapViewController.swift; sourceTree = "<group>"; };
		DC4C79D025308FD600A23AA6 /* ServerErrorData.swift */ = {isa = PBXFileReference; lastKnownFileType = sourcecode.swift; path = ServerErrorData.swift; sourceTree = "<group>"; };
		DC4C79D525308FEF00A23AA6 /* ServerErrorModel.swift */ = {isa = PBXFileReference; lastKnownFileType = sourcecode.swift; path = ServerErrorModel.swift; sourceTree = "<group>"; };
		DC4C79DA2532ADE300A23AA6 /* LoginService.swift */ = {isa = PBXFileReference; lastKnownFileType = sourcecode.swift; path = LoginService.swift; sourceTree = "<group>"; };
		DC4C79DF2532B10100A23AA6 /* UserLoginData.swift */ = {isa = PBXFileReference; lastKnownFileType = sourcecode.swift; path = UserLoginData.swift; sourceTree = "<group>"; };
		DC4C79E72532B2B300A23AA6 /* UserLoginModel.swift */ = {isa = PBXFileReference; lastKnownFileType = sourcecode.swift; path = UserLoginModel.swift; sourceTree = "<group>"; };
		DC4C79EC2532B6FB00A23AA6 /* UserRefreshToken.swift */ = {isa = PBXFileReference; lastKnownFileType = sourcecode.swift; path = UserRefreshToken.swift; sourceTree = "<group>"; };
		DC4C79FD253B8F2A00A23AA6 /* LoginInteractor.swift */ = {isa = PBXFileReference; lastKnownFileType = sourcecode.swift; path = LoginInteractor.swift; sourceTree = "<group>"; };
		DC4C7A05253B8F3D00A23AA6 /* LoginPresenter.swift */ = {isa = PBXFileReference; lastKnownFileType = sourcecode.swift; path = LoginPresenter.swift; sourceTree = "<group>"; };
		DC4C7A0A253B8F4C00A23AA6 /* LoginRouter.swift */ = {isa = PBXFileReference; lastKnownFileType = sourcecode.swift; path = LoginRouter.swift; sourceTree = "<group>"; };
		DC4C7A10253B8F6A00A23AA6 /* LoginView.swift */ = {isa = PBXFileReference; lastKnownFileType = sourcecode.swift; path = LoginView.swift; sourceTree = "<group>"; };
		DC4C7A18254CF48000A23AA6 /* BubbleTextField.swift */ = {isa = PBXFileReference; lastKnownFileType = sourcecode.swift; path = BubbleTextField.swift; sourceTree = "<group>"; };
		DC53F9902572C36D00247BA5 /* UserLocationService.swift */ = {isa = PBXFileReference; lastKnownFileType = sourcecode.swift; path = UserLocationService.swift; sourceTree = "<group>"; };
		DC542880248D76DC000571EB /* HomeView.swift */ = {isa = PBXFileReference; lastKnownFileType = sourcecode.swift; path = HomeView.swift; sourceTree = "<group>"; };
		DC542882248D8E1E000571EB /* HomeRouter.swift */ = {isa = PBXFileReference; lastKnownFileType = sourcecode.swift; path = HomeRouter.swift; sourceTree = "<group>"; };
		DC542886248D9542000571EB /* ReviewModel.swift */ = {isa = PBXFileReference; lastKnownFileType = sourcecode.swift; path = ReviewModel.swift; sourceTree = "<group>"; };
		DC542888248D9D76000571EB /* BuildReviewView.swift */ = {isa = PBXFileReference; lastKnownFileType = sourcecode.swift; path = BuildReviewView.swift; sourceTree = "<group>"; };
		DC568B8B2516D38500A1B856 /* SpotFinderSearch.swift */ = {isa = PBXFileReference; lastKnownFileType = sourcecode.swift; path = SpotFinderSearch.swift; sourceTree = "<group>"; };
		DC7DE2D4249689BA00B40DDE /* BuildReviewService.swift */ = {isa = PBXFileReference; lastKnownFileType = sourcecode.swift; path = BuildReviewService.swift; sourceTree = "<group>"; };
		DC8A7F0D24CF9CEF00A797E9 /* SpotSearchInteractor.swift */ = {isa = PBXFileReference; lastKnownFileType = sourcecode.swift; path = SpotSearchInteractor.swift; sourceTree = "<group>"; };
		DC8A7F0F24CF9CFB00A797E9 /* SpotSearchPresenter.swift */ = {isa = PBXFileReference; lastKnownFileType = sourcecode.swift; path = SpotSearchPresenter.swift; sourceTree = "<group>"; };
		DC9439C1259B62F40032B5E3 /* NearbySpots.swift */ = {isa = PBXFileReference; lastKnownFileType = sourcecode.swift; path = NearbySpots.swift; sourceTree = "<group>"; };
		DC9439C6259B64210032B5E3 /* RecentlyReviewed.swift */ = {isa = PBXFileReference; lastKnownFileType = sourcecode.swift; path = RecentlyReviewed.swift; sourceTree = "<group>"; };
		DC957A9424F5E5500047F083 /* DateCriteriaInteractor.swift */ = {isa = PBXFileReference; lastKnownFileType = sourcecode.swift; path = DateCriteriaInteractor.swift; sourceTree = "<group>"; };
		DC957A9624F5E55D0047F083 /* DateCriteriaPresenter.swift */ = {isa = PBXFileReference; lastKnownFileType = sourcecode.swift; path = DateCriteriaPresenter.swift; sourceTree = "<group>"; };
		DC957A9A24F5E5760047F083 /* DateCriteriaRouter.swift */ = {isa = PBXFileReference; lastKnownFileType = sourcecode.swift; path = DateCriteriaRouter.swift; sourceTree = "<group>"; };
		DC957A9C24F5E6170047F083 /* DateCriteraView.swift */ = {isa = PBXFileReference; lastKnownFileType = sourcecode.swift; path = DateCriteraView.swift; sourceTree = "<group>"; };
		DC9A7399254F1A3E0066912C /* Metropolis-Bold.otf */ = {isa = PBXFileReference; lastKnownFileType = file; path = "Metropolis-Bold.otf"; sourceTree = "<group>"; };
		DC9A739A254F1A3E0066912C /* Metropolis-Thin.otf */ = {isa = PBXFileReference; lastKnownFileType = file; path = "Metropolis-Thin.otf"; sourceTree = "<group>"; };
		DC9A739B254F1A3E0066912C /* Metropolis-RegularItalic.otf */ = {isa = PBXFileReference; lastKnownFileType = file; path = "Metropolis-RegularItalic.otf"; sourceTree = "<group>"; };
		DC9A739C254F1A3E0066912C /* Metropolis-ExtraBold.otf */ = {isa = PBXFileReference; lastKnownFileType = file; path = "Metropolis-ExtraBold.otf"; sourceTree = "<group>"; };
		DC9A739D254F1A3E0066912C /* Metropolis-SemiBoldItalic.otf */ = {isa = PBXFileReference; lastKnownFileType = file; path = "Metropolis-SemiBoldItalic.otf"; sourceTree = "<group>"; };
		DC9A739E254F1A3E0066912C /* Metropolis-Light.otf */ = {isa = PBXFileReference; lastKnownFileType = file; path = "Metropolis-Light.otf"; sourceTree = "<group>"; };
		DC9A739F254F1A3E0066912C /* Metropolis-Regular.otf */ = {isa = PBXFileReference; lastKnownFileType = file; path = "Metropolis-Regular.otf"; sourceTree = "<group>"; };
		DC9A73A0254F1A3E0066912C /* Metropolis-Black.otf */ = {isa = PBXFileReference; lastKnownFileType = file; path = "Metropolis-Black.otf"; sourceTree = "<group>"; };
		DC9A73A1254F1A3E0066912C /* Metropolis-ExtraLightItalic.otf */ = {isa = PBXFileReference; lastKnownFileType = file; path = "Metropolis-ExtraLightItalic.otf"; sourceTree = "<group>"; };
		DC9A73A2254F1A3E0066912C /* Metropolis-Medium.otf */ = {isa = PBXFileReference; lastKnownFileType = file; path = "Metropolis-Medium.otf"; sourceTree = "<group>"; };
		DC9A73A3254F1A3E0066912C /* Metropolis-BlackItalic.otf */ = {isa = PBXFileReference; lastKnownFileType = file; path = "Metropolis-BlackItalic.otf"; sourceTree = "<group>"; };
		DC9A73A4254F1A3E0066912C /* Metropolis-ThinItalic.otf */ = {isa = PBXFileReference; lastKnownFileType = file; path = "Metropolis-ThinItalic.otf"; sourceTree = "<group>"; };
		DC9A73A5254F1A3E0066912C /* Metropolis-ExtraLight.otf */ = {isa = PBXFileReference; lastKnownFileType = file; path = "Metropolis-ExtraLight.otf"; sourceTree = "<group>"; };
		DC9A73A6254F1A3E0066912C /* Metropolis-MediumItalic.otf */ = {isa = PBXFileReference; lastKnownFileType = file; path = "Metropolis-MediumItalic.otf"; sourceTree = "<group>"; };
		DC9A73A7254F1A3E0066912C /* Metropolis-LightItalic.otf */ = {isa = PBXFileReference; lastKnownFileType = file; path = "Metropolis-LightItalic.otf"; sourceTree = "<group>"; };
		DC9A73A8254F1A3E0066912C /* Metropolis-SemiBold.otf */ = {isa = PBXFileReference; lastKnownFileType = file; path = "Metropolis-SemiBold.otf"; sourceTree = "<group>"; };
		DC9A73A9254F1A3E0066912C /* Metropolis-BoldItalic.otf */ = {isa = PBXFileReference; lastKnownFileType = file; path = "Metropolis-BoldItalic.otf"; sourceTree = "<group>"; };
		DC9A73AA254F1A3E0066912C /* Metropolis-ExtraBoldItalic.otf */ = {isa = PBXFileReference; lastKnownFileType = file; path = "Metropolis-ExtraBoldItalic.otf"; sourceTree = "<group>"; };
		DCB742C6257407BE0053A800 /* SpotlightCell.swift */ = {isa = PBXFileReference; lastKnownFileType = sourcecode.swift; path = SpotlightCell.swift; sourceTree = "<group>"; };
		DCBD436E2490653E0045F0E7 /* BuildReviewInteractor.swift */ = {isa = PBXFileReference; lastKnownFileType = sourcecode.swift; path = BuildReviewInteractor.swift; sourceTree = "<group>"; };
		DCBD4370249065DF0045F0E7 /* HomePresenter.swift */ = {isa = PBXFileReference; lastKnownFileType = sourcecode.swift; path = HomePresenter.swift; sourceTree = "<group>"; };
		DCBD43722490666C0045F0E7 /* BuildReviewPresenter.swift */ = {isa = PBXFileReference; lastKnownFileType = sourcecode.swift; path = BuildReviewPresenter.swift; sourceTree = "<group>"; };
		DCBD4374249067850045F0E7 /* BuildReviewRouter.swift */ = {isa = PBXFileReference; lastKnownFileType = sourcecode.swift; path = BuildReviewRouter.swift; sourceTree = "<group>"; };
		DCBD437624906A0F0045F0E7 /* HomeInteractor.swift */ = {isa = PBXFileReference; lastKnownFileType = sourcecode.swift; path = HomeInteractor.swift; sourceTree = "<group>"; };
		DCCC479324BD5AC0005DD0AA /* SpotNameSearch.swift */ = {isa = PBXFileReference; lastKnownFileType = sourcecode.swift; path = SpotNameSearch.swift; sourceTree = "<group>"; };
		DCCE4CCA251661D200495987 /* ActivityInidicator.swift */ = {isa = PBXFileReference; lastKnownFileType = sourcecode.swift; path = ActivityInidicator.swift; sourceTree = "<group>"; };
		DCDA3168258C6F0E005AD374 /* ReviewCheckModel.swift */ = {isa = PBXFileReference; lastKnownFileType = sourcecode.swift; path = ReviewCheckModel.swift; sourceTree = "<group>"; };
		DCDA316D258D7561005AD374 /* LoadingAnimation.swift */ = {isa = PBXFileReference; lastKnownFileType = sourcecode.swift; path = LoadingAnimation.swift; sourceTree = "<group>"; };
		DCDB1486257F3AA0009173F4 /* ImageDownloadService.swift */ = {isa = PBXFileReference; lastKnownFileType = sourcecode.swift; path = ImageDownloadService.swift; sourceTree = "<group>"; };
		DCE7B17E25624FB500550BF8 /* WideSpotCell.swift */ = {isa = PBXFileReference; lastKnownFileType = sourcecode.swift; path = WideSpotCell.swift; sourceTree = "<group>"; };
		DCEA40B9256C954000A7D58A /* LocationData.swift */ = {isa = PBXFileReference; lastKnownFileType = sourcecode.swift; path = LocationData.swift; sourceTree = "<group>"; };
		DCEA40C1256C985F00A7D58A /* LocationModel.swift */ = {isa = PBXFileReference; lastKnownFileType = sourcecode.swift; path = LocationModel.swift; sourceTree = "<group>"; };
/* End PBXFileReference section */

/* Begin PBXFrameworksBuildPhase section */
		DC390849242C6ABA00506DA3 /* Frameworks */ = {
			isa = PBXFrameworksBuildPhase;
			buildActionMask = 2147483647;
			files = (
				90F205A5D05AFFB4191480F9 /* Pods_Kairos.framework in Frameworks */,
				DC14A655255CDB3D00F6FDD2 /* Sliders in Frameworks */,
			);
			runOnlyForDeploymentPostprocessing = 0;
		};
		DC39085F242C6ABB00506DA3 /* Frameworks */ = {
			isa = PBXFrameworksBuildPhase;
			buildActionMask = 2147483647;
			files = (
				F0789BA840B519F588A0C4F7 /* libPods-KairosTests.a in Frameworks */,
			);
			runOnlyForDeploymentPostprocessing = 0;
		};
		DC39086A242C6ABB00506DA3 /* Frameworks */ = {
			isa = PBXFrameworksBuildPhase;
			buildActionMask = 2147483647;
			files = (
				748DE040DB4ED69F2CBF3364 /* libPods-KairosUITests.a in Frameworks */,
			);
			runOnlyForDeploymentPostprocessing = 0;
		};
/* End PBXFrameworksBuildPhase section */

/* Begin PBXGroup section */
		6A1C94BBBFDD4A27CFD88CFD /* Pods */ = {
			isa = PBXGroup;
			children = (
				7DB25F9107E0F2A350672CA3 /* Pods-Kairos.debug.xcconfig */,
				11B3A4749873BEA5A5A8866A /* Pods-Kairos.release.xcconfig */,
				9FEB15551D8926D95A7EAB94 /* Pods-KairosTests.debug.xcconfig */,
				D890207FB8A21CB017502583 /* Pods-KairosTests.release.xcconfig */,
				1521B6A7B67A10B5E8F9375E /* Pods-KairosUITests.debug.xcconfig */,
				162E11E262AB1526009B7739 /* Pods-KairosUITests.release.xcconfig */,
			);
			path = Pods;
			sourceTree = "<group>";
		};
		825530155E5031DE790502B4 /* Frameworks */ = {
			isa = PBXGroup;
			children = (
				C10E55DC47D9BFDF6960B90F /* Pods_Kairos.framework */,
				715A3EC4B692F9592D5A4F52 /* libPods-KairosTests.a */,
				81625AAC4D831A83F8A86F6E /* libPods-KairosUITests.a */,
			);
			name = Frameworks;
			sourceTree = "<group>";
		};
		DC104669249EE6D900750691 /* SpotDetailModule */ = {
			isa = PBXGroup;
			children = (
				DC10466C249EE78000750691 /* SpotDetailInteractor.swift */,
				DC10466E249EE79C00750691 /* SpotDetailPresenter.swift */,
				DC10466A249EE71C00750691 /* SpotDetailView.swift */,
				DC104670249EE7AA00750691 /* SpotDetailRouter.swift */,
			);
			path = SpotDetailModule;
			sourceTree = "<group>";
		};
		DC390843242C6ABA00506DA3 = {
			isa = PBXGroup;
			children = (
				DC39084E242C6ABA00506DA3 /* Kairos */,
				DC390865242C6ABB00506DA3 /* KairosTests */,
				DC390870242C6ABB00506DA3 /* KairosUITests */,
				DC39084D242C6ABA00506DA3 /* Products */,
				6A1C94BBBFDD4A27CFD88CFD /* Pods */,
				825530155E5031DE790502B4 /* Frameworks */,
			);
			sourceTree = "<group>";
		};
		DC39084D242C6ABA00506DA3 /* Products */ = {
			isa = PBXGroup;
			children = (
				DC39084C242C6ABA00506DA3 /* Kairos.app */,
				DC390862242C6ABB00506DA3 /* KairosTests.xctest */,
				DC39086D242C6ABB00506DA3 /* KairosUITests.xctest */,
			);
			name = Products;
			sourceTree = "<group>";
		};
		DC39084E242C6ABA00506DA3 /* Kairos */ = {
			isa = PBXGroup;
			children = (
				DC39084F242C6ABA00506DA3 /* AppDelegate.swift */,
				DC390851242C6ABA00506DA3 /* SceneDelegate.swift */,
				DC390853242C6ABA00506DA3 /* ContentView.swift */,
				DC54287F248D74A7000571EB /* HomeModule */,
				DC4C79FC253B8F0900A23AA6 /* LoginModule */,
				DC957A9324F5E4610047F083 /* DateCriteriaModule */,
				DC104669249EE6D900750691 /* SpotDetailModule */,
				DC8A7F0C24CF9CBB00A797E9 /* SpotSearchModule */,
				DC54287E248D6922000571EB /* BuildReviewModule */,
				DC54287C248D6908000571EB /* Entities */,
				DC7DE2D32496899400B40DDE /* Services */,
				DCEFC13624DA4938003BE581 /* ComponentViews */,
				DC39085D242C6ABB00506DA3 /* Info.plist */,
				DC39085A242C6ABB00506DA3 /* LaunchScreen.storyboard */,
				DC4BBE392443AF440034328A /* ViewController */,
				DC4BBE302443AC680034328A /* Storyboard */,
				DC4BBE372443AD420034328A /* Assets.xcassets */,
				DC4BBE272443AB900034328A /* Fonts */,
				DC390857242C6ABB00506DA3 /* Preview Content */,
			);
			path = Kairos;
			sourceTree = "<group>";
		};
		DC390857242C6ABB00506DA3 /* Preview Content */ = {
			isa = PBXGroup;
			children = (
				DC390858242C6ABB00506DA3 /* Preview Assets.xcassets */,
			);
			path = "Preview Content";
			sourceTree = "<group>";
		};
		DC390865242C6ABB00506DA3 /* KairosTests */ = {
			isa = PBXGroup;
			children = (
				DC390866242C6ABB00506DA3 /* KairosTests.swift */,
				DC390868242C6ABB00506DA3 /* Info.plist */,
			);
			path = KairosTests;
			sourceTree = "<group>";
		};
		DC390870242C6ABB00506DA3 /* KairosUITests */ = {
			isa = PBXGroup;
			children = (
				DC390871242C6ABB00506DA3 /* KairosUITests.swift */,
				DC390873242C6ABB00506DA3 /* Info.plist */,
			);
			path = KairosUITests;
			sourceTree = "<group>";
		};
		DC4BBE272443AB900034328A /* Fonts */ = {
			isa = PBXGroup;
			children = (
				DC9A7398254F1A3E0066912C /* Metropolis */,
			);
			path = Fonts;
			sourceTree = "<group>";
		};
		DC4BBE302443AC680034328A /* Storyboard */ = {
			isa = PBXGroup;
			children = (
				DC4BBE312443AC680034328A /* Storyboard.storyboard */,
			);
			name = Storyboard;
			path = "Kairos/Preview Content/Storyboard";
			sourceTree = SOURCE_ROOT;
		};
		DC4BBE392443AF440034328A /* ViewController */ = {
			isa = PBXGroup;
			children = (
				DC4BBE3A2443AF440034328A /* MapViewController.swift */,
			);
			path = ViewController;
			sourceTree = "<group>";
		};
		DC4C79FC253B8F0900A23AA6 /* LoginModule */ = {
			isa = PBXGroup;
			children = (
				DC4C79FD253B8F2A00A23AA6 /* LoginInteractor.swift */,
				DC4C7A05253B8F3D00A23AA6 /* LoginPresenter.swift */,
				DC4C7A10253B8F6A00A23AA6 /* LoginView.swift */,
				DC4C7A0A253B8F4C00A23AA6 /* LoginRouter.swift */,
			);
			path = LoginModule;
			sourceTree = "<group>";
		};
		DC54287C248D6908000571EB /* Entities */ = {
			isa = PBXGroup;
			children = (
				DC390886242C7CE300506DA3 /* ReviewData.swift */,
				DC542886248D9542000571EB /* ReviewModel.swift */,
				DC104672249EEADD00750691 /* SpotData.swift */,
				DC104675249EEE8B00750691 /* SpotModel.swift */,
				DC4C79D025308FD600A23AA6 /* ServerErrorData.swift */,
				DC4C79D525308FEF00A23AA6 /* ServerErrorModel.swift */,
				DC4C79DF2532B10100A23AA6 /* UserLoginData.swift */,
				DC4C79E72532B2B300A23AA6 /* UserLoginModel.swift */,
				DCEA40B9256C954000A7D58A /* LocationData.swift */,
				DCEA40C1256C985F00A7D58A /* LocationModel.swift */,
				DCDA3168258C6F0E005AD374 /* ReviewCheckModel.swift */,
			);
			path = Entities;
			sourceTree = "<group>";
		};
		DC54287E248D6922000571EB /* BuildReviewModule */ = {
			isa = PBXGroup;
			children = (
				DCBD436E2490653E0045F0E7 /* BuildReviewInteractor.swift */,
				DCBD43722490666C0045F0E7 /* BuildReviewPresenter.swift */,
				DC542888248D9D76000571EB /* BuildReviewView.swift */,
				DCBD4374249067850045F0E7 /* BuildReviewRouter.swift */,
			);
			path = BuildReviewModule;
			sourceTree = "<group>";
		};
		DC54287F248D74A7000571EB /* HomeModule */ = {
			isa = PBXGroup;
			children = (
				DCBD437624906A0F0045F0E7 /* HomeInteractor.swift */,
				DCBD4370249065DF0045F0E7 /* HomePresenter.swift */,
				DC542880248D76DC000571EB /* HomeView.swift */,
				DC542882248D8E1E000571EB /* HomeRouter.swift */,
			);
			path = HomeModule;
			sourceTree = "<group>";
		};
		DC7DE2D32496899400B40DDE /* Services */ = {
			isa = PBXGroup;
			children = (
				DC7DE2D4249689BA00B40DDE /* BuildReviewService.swift */,
				DCDB1486257F3AA0009173F4 /* ImageDownloadService.swift */,
				DC4C79DA2532ADE300A23AA6 /* LoginService.swift */,
				DC40323F258C53CC00D189A8 /* ReviewCheckService.swift */,
				DC104667249EDB8500750691 /* SpotReviewService.swift */,
				DCCC479324BD5AC0005DD0AA /* SpotNameSearch.swift */,
				DC568B8B2516D38500A1B856 /* SpotFinderSearch.swift */,
				DC9439C1259B62F40032B5E3 /* NearbySpots.swift */,
				DC9439C6259B64210032B5E3 /* RecentlyReviewed.swift */,
				DC53F9902572C36D00247BA5 /* UserLocationService.swift */,
				DC4C79EC2532B6FB00A23AA6 /* UserRefreshToken.swift */,
				DC3BC04F25661A520067654F /* UserSignUpService.swift */,
			);
			path = Services;
			sourceTree = "<group>";
		};
		DC8A7F0C24CF9CBB00A797E9 /* SpotSearchModule */ = {
			isa = PBXGroup;
			children = (
				DC8A7F0D24CF9CEF00A797E9 /* SpotSearchInteractor.swift */,
				DC8A7F0F24CF9CFB00A797E9 /* SpotSearchPresenter.swift */,
				DC38806324CFA02700AA8D67 /* SpotSearchView.swift */,
				DC38806124CF9D6800AA8D67 /* SpotSearchRouter.swift */,
			);
			path = SpotSearchModule;
			sourceTree = "<group>";
		};
		DC957A9324F5E4610047F083 /* DateCriteriaModule */ = {
			isa = PBXGroup;
			children = (
				DC957A9424F5E5500047F083 /* DateCriteriaInteractor.swift */,
				DC957A9624F5E55D0047F083 /* DateCriteriaPresenter.swift */,
				DC957A9C24F5E6170047F083 /* DateCriteraView.swift */,
				DC957A9A24F5E5760047F083 /* DateCriteriaRouter.swift */,
			);
			path = DateCriteriaModule;
			sourceTree = "<group>";
		};
		DC9A7398254F1A3E0066912C /* Metropolis */ = {
			isa = PBXGroup;
			children = (
				DC9A7399254F1A3E0066912C /* Metropolis-Bold.otf */,
				DC9A739A254F1A3E0066912C /* Metropolis-Thin.otf */,
				DC9A739B254F1A3E0066912C /* Metropolis-RegularItalic.otf */,
				DC9A739C254F1A3E0066912C /* Metropolis-ExtraBold.otf */,
				DC9A739D254F1A3E0066912C /* Metropolis-SemiBoldItalic.otf */,
				DC9A739E254F1A3E0066912C /* Metropolis-Light.otf */,
				DC9A739F254F1A3E0066912C /* Metropolis-Regular.otf */,
				DC9A73A0254F1A3E0066912C /* Metropolis-Black.otf */,
				DC9A73A1254F1A3E0066912C /* Metropolis-ExtraLightItalic.otf */,
				DC9A73A2254F1A3E0066912C /* Metropolis-Medium.otf */,
				DC9A73A3254F1A3E0066912C /* Metropolis-BlackItalic.otf */,
				DC9A73A4254F1A3E0066912C /* Metropolis-ThinItalic.otf */,
				DC9A73A5254F1A3E0066912C /* Metropolis-ExtraLight.otf */,
				DC9A73A6254F1A3E0066912C /* Metropolis-MediumItalic.otf */,
				DC9A73A7254F1A3E0066912C /* Metropolis-LightItalic.otf */,
				DC9A73A8254F1A3E0066912C /* Metropolis-SemiBold.otf */,
				DC9A73A9254F1A3E0066912C /* Metropolis-BoldItalic.otf */,
				DC9A73AA254F1A3E0066912C /* Metropolis-ExtraBoldItalic.otf */,
			);
			path = Metropolis;
			sourceTree = "<group>";
		};
		DCEFC13624DA4938003BE581 /* ComponentViews */ = {
			isa = PBXGroup;
			children = (
				DCCE4CCA251661D200495987 /* ActivityInidicator.swift */,
				DC4C7A18254CF48000A23AA6 /* BubbleTextField.swift */,
				DC3AFC3A255F4FC900ABD199 /* BubbleDropdown.swift */,
				DCDA316D258D7561005AD374 /* LoadingAnimation.swift */,
				DCB742C6257407BE0053A800 /* SpotlightCell.swift */,
				DCE7B17E25624FB500550BF8 /* WideSpotCell.swift */,
			);
			path = ComponentViews;
			sourceTree = "<group>";
		};
/* End PBXGroup section */

/* Begin PBXNativeTarget section */
		DC39084B242C6ABA00506DA3 /* Kairos */ = {
			isa = PBXNativeTarget;
			buildConfigurationList = DC390876242C6ABB00506DA3 /* Build configuration list for PBXNativeTarget "Kairos" */;
			buildPhases = (
				CAEA2CABA551D4527834A2BF /* [CP] Check Pods Manifest.lock */,
				DC390848242C6ABA00506DA3 /* Sources */,
				DC390849242C6ABA00506DA3 /* Frameworks */,
				DC39084A242C6ABA00506DA3 /* Resources */,
				C3ACA48E70A3F64ECD37C00F /* [CP] Copy Pods Resources */,
			);
			buildRules = (
			);
			dependencies = (
			);
			name = Kairos;
			packageProductDependencies = (
				DC14A654255CDB3D00F6FDD2 /* Sliders */,
			);
			productName = Kairos;
			productReference = DC39084C242C6ABA00506DA3 /* Kairos.app */;
			productType = "com.apple.product-type.application";
		};
		DC390861242C6ABB00506DA3 /* KairosTests */ = {
			isa = PBXNativeTarget;
			buildConfigurationList = DC390879242C6ABB00506DA3 /* Build configuration list for PBXNativeTarget "KairosTests" */;
			buildPhases = (
				6EF5F2BA8B48D458AE414B11 /* [CP] Check Pods Manifest.lock */,
				DC39085E242C6ABB00506DA3 /* Sources */,
				DC39085F242C6ABB00506DA3 /* Frameworks */,
				DC390860242C6ABB00506DA3 /* Resources */,
			);
			buildRules = (
			);
			dependencies = (
				DC390864242C6ABB00506DA3 /* PBXTargetDependency */,
			);
			name = KairosTests;
			productName = KairosTests;
			productReference = DC390862242C6ABB00506DA3 /* KairosTests.xctest */;
			productType = "com.apple.product-type.bundle.unit-test";
		};
		DC39086C242C6ABB00506DA3 /* KairosUITests */ = {
			isa = PBXNativeTarget;
			buildConfigurationList = DC39087C242C6ABB00506DA3 /* Build configuration list for PBXNativeTarget "KairosUITests" */;
			buildPhases = (
				6229936FD3360EFE32E9293E /* [CP] Check Pods Manifest.lock */,
				DC390869242C6ABB00506DA3 /* Sources */,
				DC39086A242C6ABB00506DA3 /* Frameworks */,
				DC39086B242C6ABB00506DA3 /* Resources */,
			);
			buildRules = (
			);
			dependencies = (
				DC39086F242C6ABB00506DA3 /* PBXTargetDependency */,
			);
			name = KairosUITests;
			productName = KairosUITests;
			productReference = DC39086D242C6ABB00506DA3 /* KairosUITests.xctest */;
			productType = "com.apple.product-type.bundle.ui-testing";
		};
/* End PBXNativeTarget section */

/* Begin PBXProject section */
		DC390844242C6ABA00506DA3 /* Project object */ = {
			isa = PBXProject;
			attributes = {
				LastSwiftUpdateCheck = 1140;
				LastUpgradeCheck = 1200;
				ORGANIZATIONNAME = "Alex McCaffrey";
				TargetAttributes = {
					DC39084B242C6ABA00506DA3 = {
						CreatedOnToolsVersion = 11.4;
					};
					DC390861242C6ABB00506DA3 = {
						CreatedOnToolsVersion = 11.4;
						TestTargetID = DC39084B242C6ABA00506DA3;
					};
					DC39086C242C6ABB00506DA3 = {
						CreatedOnToolsVersion = 11.4;
						TestTargetID = DC39084B242C6ABA00506DA3;
					};
				};
			};
			buildConfigurationList = DC390847242C6ABA00506DA3 /* Build configuration list for PBXProject "Kairos" */;
			compatibilityVersion = "Xcode 9.3";
			developmentRegion = en;
			hasScannedForEncodings = 0;
			knownRegions = (
				en,
				Base,
			);
			mainGroup = DC390843242C6ABA00506DA3;
			packageReferences = (
				DC14A653255CDB3D00F6FDD2 /* XCRemoteSwiftPackageReference "swiftui-sliders" */,
			);
			productRefGroup = DC39084D242C6ABA00506DA3 /* Products */;
			projectDirPath = "";
			projectRoot = "";
			targets = (
				DC39084B242C6ABA00506DA3 /* Kairos */,
				DC390861242C6ABB00506DA3 /* KairosTests */,
				DC39086C242C6ABB00506DA3 /* KairosUITests */,
			);
		};
/* End PBXProject section */

/* Begin PBXResourcesBuildPhase section */
		DC39084A242C6ABA00506DA3 /* Resources */ = {
			isa = PBXResourcesBuildPhase;
			buildActionMask = 2147483647;
			files = (
				DC9A73AB254F1A3E0066912C /* Metropolis-Bold.otf in Resources */,
				DC39085C242C6ABB00506DA3 /* LaunchScreen.storyboard in Resources */,
				DC9A73AD254F1A3E0066912C /* Metropolis-RegularItalic.otf in Resources */,
				DC4BBE322443AC680034328A /* Storyboard.storyboard in Resources */,
				DC9A73B6254F1A3E0066912C /* Metropolis-ThinItalic.otf in Resources */,
				DC9A73B9254F1A3E0066912C /* Metropolis-LightItalic.otf in Resources */,
				DC9A73B4254F1A3E0066912C /* Metropolis-Medium.otf in Resources */,
				DC9A73B8254F1A3E0066912C /* Metropolis-MediumItalic.otf in Resources */,
				DC9A73B0254F1A3E0066912C /* Metropolis-Light.otf in Resources */,
				DC9A73AF254F1A3E0066912C /* Metropolis-SemiBoldItalic.otf in Resources */,
				DC4BBE382443AD420034328A /* Assets.xcassets in Resources */,
				DC9A73B3254F1A3E0066912C /* Metropolis-ExtraLightItalic.otf in Resources */,
				DC9A73B1254F1A3E0066912C /* Metropolis-Regular.otf in Resources */,
				DC9A73BC254F1A3E0066912C /* Metropolis-ExtraBoldItalic.otf in Resources */,
				DC9A73B5254F1A3E0066912C /* Metropolis-BlackItalic.otf in Resources */,
				DC9A73BB254F1A3E0066912C /* Metropolis-BoldItalic.otf in Resources */,
				DC9A73AC254F1A3E0066912C /* Metropolis-Thin.otf in Resources */,
				DC9A73B7254F1A3E0066912C /* Metropolis-ExtraLight.otf in Resources */,
				DC9A73BA254F1A3E0066912C /* Metropolis-SemiBold.otf in Resources */,
				DC390859242C6ABB00506DA3 /* Preview Assets.xcassets in Resources */,
				DC9A73AE254F1A3E0066912C /* Metropolis-ExtraBold.otf in Resources */,
				DC9A73B2254F1A3E0066912C /* Metropolis-Black.otf in Resources */,
			);
			runOnlyForDeploymentPostprocessing = 0;
		};
		DC390860242C6ABB00506DA3 /* Resources */ = {
			isa = PBXResourcesBuildPhase;
			buildActionMask = 2147483647;
			files = (
			);
			runOnlyForDeploymentPostprocessing = 0;
		};
		DC39086B242C6ABB00506DA3 /* Resources */ = {
			isa = PBXResourcesBuildPhase;
			buildActionMask = 2147483647;
			files = (
			);
			runOnlyForDeploymentPostprocessing = 0;
		};
/* End PBXResourcesBuildPhase section */

/* Begin PBXShellScriptBuildPhase section */
		6229936FD3360EFE32E9293E /* [CP] Check Pods Manifest.lock */ = {
			isa = PBXShellScriptBuildPhase;
			buildActionMask = 2147483647;
			files = (
			);
			inputFileListPaths = (
			);
			inputPaths = (
				"${PODS_PODFILE_DIR_PATH}/Podfile.lock",
				"${PODS_ROOT}/Manifest.lock",
			);
			name = "[CP] Check Pods Manifest.lock";
			outputFileListPaths = (
			);
			outputPaths = (
				"$(DERIVED_FILE_DIR)/Pods-KairosUITests-checkManifestLockResult.txt",
			);
			runOnlyForDeploymentPostprocessing = 0;
			shellPath = /bin/sh;
			shellScript = "diff \"${PODS_PODFILE_DIR_PATH}/Podfile.lock\" \"${PODS_ROOT}/Manifest.lock\" > /dev/null\nif [ $? != 0 ] ; then\n    # print error to STDERR\n    echo \"error: The sandbox is not in sync with the Podfile.lock. Run 'pod install' or update your CocoaPods installation.\" >&2\n    exit 1\nfi\n# This output is used by Xcode 'outputs' to avoid re-running this script phase.\necho \"SUCCESS\" > \"${SCRIPT_OUTPUT_FILE_0}\"\n";
			showEnvVarsInLog = 0;
		};
		6EF5F2BA8B48D458AE414B11 /* [CP] Check Pods Manifest.lock */ = {
			isa = PBXShellScriptBuildPhase;
			buildActionMask = 2147483647;
			files = (
			);
			inputFileListPaths = (
			);
			inputPaths = (
				"${PODS_PODFILE_DIR_PATH}/Podfile.lock",
				"${PODS_ROOT}/Manifest.lock",
			);
			name = "[CP] Check Pods Manifest.lock";
			outputFileListPaths = (
			);
			outputPaths = (
				"$(DERIVED_FILE_DIR)/Pods-KairosTests-checkManifestLockResult.txt",
			);
			runOnlyForDeploymentPostprocessing = 0;
			shellPath = /bin/sh;
			shellScript = "diff \"${PODS_PODFILE_DIR_PATH}/Podfile.lock\" \"${PODS_ROOT}/Manifest.lock\" > /dev/null\nif [ $? != 0 ] ; then\n    # print error to STDERR\n    echo \"error: The sandbox is not in sync with the Podfile.lock. Run 'pod install' or update your CocoaPods installation.\" >&2\n    exit 1\nfi\n# This output is used by Xcode 'outputs' to avoid re-running this script phase.\necho \"SUCCESS\" > \"${SCRIPT_OUTPUT_FILE_0}\"\n";
			showEnvVarsInLog = 0;
		};
		C3ACA48E70A3F64ECD37C00F /* [CP] Copy Pods Resources */ = {
			isa = PBXShellScriptBuildPhase;
			buildActionMask = 2147483647;
			files = (
			);
			inputFileListPaths = (
				"${PODS_ROOT}/Target Support Files/Pods-Kairos/Pods-Kairos-resources-${CONFIGURATION}-input-files.xcfilelist",
			);
			name = "[CP] Copy Pods Resources";
			outputFileListPaths = (
				"${PODS_ROOT}/Target Support Files/Pods-Kairos/Pods-Kairos-resources-${CONFIGURATION}-output-files.xcfilelist",
			);
			runOnlyForDeploymentPostprocessing = 0;
			shellPath = /bin/sh;
			shellScript = "\"${PODS_ROOT}/Target Support Files/Pods-Kairos/Pods-Kairos-resources.sh\"\n";
			showEnvVarsInLog = 0;
		};
		CAEA2CABA551D4527834A2BF /* [CP] Check Pods Manifest.lock */ = {
			isa = PBXShellScriptBuildPhase;
			buildActionMask = 2147483647;
			files = (
			);
			inputFileListPaths = (
			);
			inputPaths = (
				"${PODS_PODFILE_DIR_PATH}/Podfile.lock",
				"${PODS_ROOT}/Manifest.lock",
			);
			name = "[CP] Check Pods Manifest.lock";
			outputFileListPaths = (
			);
			outputPaths = (
				"$(DERIVED_FILE_DIR)/Pods-Kairos-checkManifestLockResult.txt",
			);
			runOnlyForDeploymentPostprocessing = 0;
			shellPath = /bin/sh;
			shellScript = "diff \"${PODS_PODFILE_DIR_PATH}/Podfile.lock\" \"${PODS_ROOT}/Manifest.lock\" > /dev/null\nif [ $? != 0 ] ; then\n    # print error to STDERR\n    echo \"error: The sandbox is not in sync with the Podfile.lock. Run 'pod install' or update your CocoaPods installation.\" >&2\n    exit 1\nfi\n# This output is used by Xcode 'outputs' to avoid re-running this script phase.\necho \"SUCCESS\" > \"${SCRIPT_OUTPUT_FILE_0}\"\n";
			showEnvVarsInLog = 0;
		};
/* End PBXShellScriptBuildPhase section */

/* Begin PBXSourcesBuildPhase section */
		DC390848242C6ABA00506DA3 /* Sources */ = {
			isa = PBXSourcesBuildPhase;
			buildActionMask = 2147483647;
			files = (
				DC38806224CF9D6800AA8D67 /* SpotSearchRouter.swift in Sources */,
				DC390887242C7CE300506DA3 /* ReviewData.swift in Sources */,
				DC4C7A06253B8F3D00A23AA6 /* LoginPresenter.swift in Sources */,
				DC542881248D76DC000571EB /* HomeView.swift in Sources */,
				DC4BBE3B2443AF440034328A /* MapViewController.swift in Sources */,
				DC4C79D125308FD600A23AA6 /* ServerErrorData.swift in Sources */,
				DC38806424CFA02700AA8D67 /* SpotSearchView.swift in Sources */,
				DCBD4375249067850045F0E7 /* BuildReviewRouter.swift in Sources */,
				DC4C79FE253B8F2A00A23AA6 /* LoginInteractor.swift in Sources */,
				DC542889248D9D76000571EB /* BuildReviewView.swift in Sources */,
				DCBD436F2490653E0045F0E7 /* BuildReviewInteractor.swift in Sources */,
				DC4C79D625308FEF00A23AA6 /* ServerErrorModel.swift in Sources */,
				DC957A9524F5E5500047F083 /* DateCriteriaInteractor.swift in Sources */,
				DC4C7A0B253B8F4C00A23AA6 /* LoginRouter.swift in Sources */,
				DCBD4371249065DF0045F0E7 /* HomePresenter.swift in Sources */,
				DC4C7A19254CF48000A23AA6 /* BubbleTextField.swift in Sources */,
				DC4C79DB2532ADE300A23AA6 /* LoginService.swift in Sources */,
				DCEA40C2256C985F00A7D58A /* LocationModel.swift in Sources */,
				DC10466B249EE71C00750691 /* SpotDetailView.swift in Sources */,
				DCEA40BA256C954000A7D58A /* LocationData.swift in Sources */,
				DC8A7F0E24CF9CEF00A797E9 /* SpotSearchInteractor.swift in Sources */,
				DC390850242C6ABA00506DA3 /* AppDelegate.swift in Sources */,
				DCDA316E258D7561005AD374 /* LoadingAnimation.swift in Sources */,
				DC104673249EEADD00750691 /* SpotData.swift in Sources */,
				DCBD43732490666C0045F0E7 /* BuildReviewPresenter.swift in Sources */,
				DC957A9B24F5E5760047F083 /* DateCriteriaRouter.swift in Sources */,
				DC104671249EE7AA00750691 /* SpotDetailRouter.swift in Sources */,
				DC957A9724F5E55D0047F083 /* DateCriteriaPresenter.swift in Sources */,
				DCBD437724906A0F0045F0E7 /* HomeInteractor.swift in Sources */,
				DC10466D249EE78000750691 /* SpotDetailInteractor.swift in Sources */,
				DC4C7A11253B8F6A00A23AA6 /* LoginView.swift in Sources */,
				DC390852242C6ABA00506DA3 /* SceneDelegate.swift in Sources */,
				DCCE4CCB251661D200495987 /* ActivityInidicator.swift in Sources */,
				DC7DE2D5249689BA00B40DDE /* BuildReviewService.swift in Sources */,
				DC403240258C53CD00D189A8 /* ReviewCheckService.swift in Sources */,
				DCDB1487257F3AA0009173F4 /* ImageDownloadService.swift in Sources */,
				DC4C79E82532B2B300A23AA6 /* UserLoginModel.swift in Sources */,
				DC4C79E02532B10100A23AA6 /* UserLoginData.swift in Sources */,
				DC53F9912572C36D00247BA5 /* UserLocationService.swift in Sources */,
				DC390854242C6ABA00506DA3 /* ContentView.swift in Sources */,
				DC8A7F1024CF9CFB00A797E9 /* SpotSearchPresenter.swift in Sources */,
				DC10466F249EE79C00750691 /* SpotDetailPresenter.swift in Sources */,
				DCDA3169258C6F0E005AD374 /* ReviewCheckModel.swift in Sources */,
				DC9439C7259B64210032B5E3 /* RecentlyReviewed.swift in Sources */,
				DCB742C7257407BE0053A800 /* SpotlightCell.swift in Sources */,
				DC3BC05025661A520067654F /* UserSignUpService.swift in Sources */,
				DC542883248D8E1E000571EB /* HomeRouter.swift in Sources */,
				DCE7B17F25624FB500550BF8 /* WideSpotCell.swift in Sources */,
				DC957A9D24F5E6170047F083 /* DateCriteraView.swift in Sources */,
				DC104676249EEE8B00750691 /* SpotModel.swift in Sources */,
				DC542887248D9542000571EB /* ReviewModel.swift in Sources */,
				DC4C79ED2532B6FB00A23AA6 /* UserRefreshToken.swift in Sources */,
				DC104668249EDB8500750691 /* SpotReviewService.swift in Sources */,
				DCCC479424BD5AC0005DD0AA /* SpotNameSearch.swift in Sources */,
				DC3AFC3B255F4FC900ABD199 /* BubbleDropdown.swift in Sources */,
				DC9439C2259B62F40032B5E3 /* NearbySpots.swift in Sources */,
				DC568B8C2516D38500A1B856 /* SpotFinderSearch.swift in Sources */,
			);
			runOnlyForDeploymentPostprocessing = 0;
		};
		DC39085E242C6ABB00506DA3 /* Sources */ = {
			isa = PBXSourcesBuildPhase;
			buildActionMask = 2147483647;
			files = (
				DC390867242C6ABB00506DA3 /* KairosTests.swift in Sources */,
			);
			runOnlyForDeploymentPostprocessing = 0;
		};
		DC390869242C6ABB00506DA3 /* Sources */ = {
			isa = PBXSourcesBuildPhase;
			buildActionMask = 2147483647;
			files = (
				DC390872242C6ABB00506DA3 /* KairosUITests.swift in Sources */,
			);
			runOnlyForDeploymentPostprocessing = 0;
		};
/* End PBXSourcesBuildPhase section */

/* Begin PBXTargetDependency section */
		DC390864242C6ABB00506DA3 /* PBXTargetDependency */ = {
			isa = PBXTargetDependency;
			target = DC39084B242C6ABA00506DA3 /* Kairos */;
			targetProxy = DC390863242C6ABB00506DA3 /* PBXContainerItemProxy */;
		};
		DC39086F242C6ABB00506DA3 /* PBXTargetDependency */ = {
			isa = PBXTargetDependency;
			target = DC39084B242C6ABA00506DA3 /* Kairos */;
			targetProxy = DC39086E242C6ABB00506DA3 /* PBXContainerItemProxy */;
		};
/* End PBXTargetDependency section */

/* Begin PBXVariantGroup section */
		DC39085A242C6ABB00506DA3 /* LaunchScreen.storyboard */ = {
			isa = PBXVariantGroup;
			children = (
				DC39085B242C6ABB00506DA3 /* Base */,
			);
			name = LaunchScreen.storyboard;
			sourceTree = "<group>";
		};
/* End PBXVariantGroup section */

/* Begin XCBuildConfiguration section */
		DC390874242C6ABB00506DA3 /* Debug */ = {
			isa = XCBuildConfiguration;
			buildSettings = {
				ALWAYS_SEARCH_USER_PATHS = NO;
				CLANG_ANALYZER_NONNULL = YES;
				CLANG_ANALYZER_NUMBER_OBJECT_CONVERSION = YES_AGGRESSIVE;
				CLANG_CXX_LANGUAGE_STANDARD = "gnu++14";
				CLANG_CXX_LIBRARY = "libc++";
				CLANG_ENABLE_MODULES = YES;
				CLANG_ENABLE_OBJC_ARC = YES;
				CLANG_ENABLE_OBJC_WEAK = YES;
				CLANG_WARN_BLOCK_CAPTURE_AUTORELEASING = YES;
				CLANG_WARN_BOOL_CONVERSION = YES;
				CLANG_WARN_COMMA = YES;
				CLANG_WARN_CONSTANT_CONVERSION = YES;
				CLANG_WARN_DEPRECATED_OBJC_IMPLEMENTATIONS = YES;
				CLANG_WARN_DIRECT_OBJC_ISA_USAGE = YES_ERROR;
				CLANG_WARN_DOCUMENTATION_COMMENTS = YES;
				CLANG_WARN_EMPTY_BODY = YES;
				CLANG_WARN_ENUM_CONVERSION = YES;
				CLANG_WARN_INFINITE_RECURSION = YES;
				CLANG_WARN_INT_CONVERSION = YES;
				CLANG_WARN_NON_LITERAL_NULL_CONVERSION = YES;
				CLANG_WARN_OBJC_IMPLICIT_RETAIN_SELF = YES;
				CLANG_WARN_OBJC_LITERAL_CONVERSION = YES;
				CLANG_WARN_OBJC_ROOT_CLASS = YES_ERROR;
				CLANG_WARN_QUOTED_INCLUDE_IN_FRAMEWORK_HEADER = YES;
				CLANG_WARN_RANGE_LOOP_ANALYSIS = YES;
				CLANG_WARN_STRICT_PROTOTYPES = YES;
				CLANG_WARN_SUSPICIOUS_MOVE = YES;
				CLANG_WARN_UNGUARDED_AVAILABILITY = YES_AGGRESSIVE;
				CLANG_WARN_UNREACHABLE_CODE = YES;
				CLANG_WARN__DUPLICATE_METHOD_MATCH = YES;
				COPY_PHASE_STRIP = NO;
				DEBUG_INFORMATION_FORMAT = dwarf;
				ENABLE_STRICT_OBJC_MSGSEND = YES;
				ENABLE_TESTABILITY = YES;
				GCC_C_LANGUAGE_STANDARD = gnu11;
				GCC_DYNAMIC_NO_PIC = NO;
				GCC_NO_COMMON_BLOCKS = YES;
				GCC_OPTIMIZATION_LEVEL = 0;
				GCC_PREPROCESSOR_DEFINITIONS = (
					"DEBUG=1",
					"$(inherited)",
				);
				GCC_WARN_64_TO_32_BIT_CONVERSION = YES;
				GCC_WARN_ABOUT_RETURN_TYPE = YES_ERROR;
				GCC_WARN_UNDECLARED_SELECTOR = YES;
				GCC_WARN_UNINITIALIZED_AUTOS = YES_AGGRESSIVE;
				GCC_WARN_UNUSED_FUNCTION = YES;
				GCC_WARN_UNUSED_VARIABLE = YES;
				IPHONEOS_DEPLOYMENT_TARGET = 14.1;
				MTL_ENABLE_DEBUG_INFO = INCLUDE_SOURCE;
				MTL_FAST_MATH = YES;
				ONLY_ACTIVE_ARCH = YES;
				SDKROOT = iphoneos;
				SWIFT_ACTIVE_COMPILATION_CONDITIONS = DEBUG;
				SWIFT_OPTIMIZATION_LEVEL = "-Onone";
			};
			name = Debug;
		};
		DC390875242C6ABB00506DA3 /* Release */ = {
			isa = XCBuildConfiguration;
			buildSettings = {
				ALWAYS_SEARCH_USER_PATHS = NO;
				CLANG_ANALYZER_NONNULL = YES;
				CLANG_ANALYZER_NUMBER_OBJECT_CONVERSION = YES_AGGRESSIVE;
				CLANG_CXX_LANGUAGE_STANDARD = "gnu++14";
				CLANG_CXX_LIBRARY = "libc++";
				CLANG_ENABLE_MODULES = YES;
				CLANG_ENABLE_OBJC_ARC = YES;
				CLANG_ENABLE_OBJC_WEAK = YES;
				CLANG_WARN_BLOCK_CAPTURE_AUTORELEASING = YES;
				CLANG_WARN_BOOL_CONVERSION = YES;
				CLANG_WARN_COMMA = YES;
				CLANG_WARN_CONSTANT_CONVERSION = YES;
				CLANG_WARN_DEPRECATED_OBJC_IMPLEMENTATIONS = YES;
				CLANG_WARN_DIRECT_OBJC_ISA_USAGE = YES_ERROR;
				CLANG_WARN_DOCUMENTATION_COMMENTS = YES;
				CLANG_WARN_EMPTY_BODY = YES;
				CLANG_WARN_ENUM_CONVERSION = YES;
				CLANG_WARN_INFINITE_RECURSION = YES;
				CLANG_WARN_INT_CONVERSION = YES;
				CLANG_WARN_NON_LITERAL_NULL_CONVERSION = YES;
				CLANG_WARN_OBJC_IMPLICIT_RETAIN_SELF = YES;
				CLANG_WARN_OBJC_LITERAL_CONVERSION = YES;
				CLANG_WARN_OBJC_ROOT_CLASS = YES_ERROR;
				CLANG_WARN_QUOTED_INCLUDE_IN_FRAMEWORK_HEADER = YES;
				CLANG_WARN_RANGE_LOOP_ANALYSIS = YES;
				CLANG_WARN_STRICT_PROTOTYPES = YES;
				CLANG_WARN_SUSPICIOUS_MOVE = YES;
				CLANG_WARN_UNGUARDED_AVAILABILITY = YES_AGGRESSIVE;
				CLANG_WARN_UNREACHABLE_CODE = YES;
				CLANG_WARN__DUPLICATE_METHOD_MATCH = YES;
				COPY_PHASE_STRIP = NO;
				DEBUG_INFORMATION_FORMAT = "dwarf-with-dsym";
				ENABLE_NS_ASSERTIONS = NO;
				ENABLE_STRICT_OBJC_MSGSEND = YES;
				GCC_C_LANGUAGE_STANDARD = gnu11;
				GCC_NO_COMMON_BLOCKS = YES;
				GCC_WARN_64_TO_32_BIT_CONVERSION = YES;
				GCC_WARN_ABOUT_RETURN_TYPE = YES_ERROR;
				GCC_WARN_UNDECLARED_SELECTOR = YES;
				GCC_WARN_UNINITIALIZED_AUTOS = YES_AGGRESSIVE;
				GCC_WARN_UNUSED_FUNCTION = YES;
				GCC_WARN_UNUSED_VARIABLE = YES;
				IPHONEOS_DEPLOYMENT_TARGET = 14.1;
				MTL_ENABLE_DEBUG_INFO = NO;
				MTL_FAST_MATH = YES;
				SDKROOT = iphoneos;
				SWIFT_COMPILATION_MODE = wholemodule;
				SWIFT_OPTIMIZATION_LEVEL = "-O";
				VALIDATE_PRODUCT = YES;
			};
			name = Release;
		};
		DC390877242C6ABB00506DA3 /* Debug */ = {
			isa = XCBuildConfiguration;
			baseConfigurationReference = 7DB25F9107E0F2A350672CA3 /* Pods-Kairos.debug.xcconfig */;
			buildSettings = {
				ASSETCATALOG_COMPILER_APPICON_NAME = AppIcon;
				CODE_SIGN_IDENTITY = "Apple Development";
				CODE_SIGN_STYLE = Automatic;
				CURRENT_PROJECT_VERSION = 1;
				DEVELOPMENT_ASSET_PATHS = "\"Kairos/Preview Content\"";
				DEVELOPMENT_TEAM = 3D7N59BJNV;
				ENABLE_PREVIEWS = YES;
				INFOPLIST_FILE = Kairos/Info.plist;
				IPHONEOS_DEPLOYMENT_TARGET = 14.2;
				LD_RUNPATH_SEARCH_PATHS = (
					"$(inherited)",
					"@executable_path/Frameworks",
				);
				MARKETING_VERSION = 1.0.1;
				PRODUCT_BUNDLE_IDENTIFIER = "Alexander-McCaffrey.Kairos";
				PRODUCT_NAME = "$(TARGET_NAME)";
				PROVISIONING_PROFILE_SPECIFIER = "";
				SWIFT_VERSION = 5.0;
				TARGETED_DEVICE_FAMILY = 1;
			};
			name = Debug;
		};
		DC390878242C6ABB00506DA3 /* Release */ = {
			isa = XCBuildConfiguration;
			baseConfigurationReference = 11B3A4749873BEA5A5A8866A /* Pods-Kairos.release.xcconfig */;
			buildSettings = {
				ASSETCATALOG_COMPILER_APPICON_NAME = AppIcon;
				CODE_SIGN_IDENTITY = "Apple Development";
				CODE_SIGN_STYLE = Automatic;
				CURRENT_PROJECT_VERSION = 1;
				DEVELOPMENT_ASSET_PATHS = "\"Kairos/Preview Content\"";
				DEVELOPMENT_TEAM = 3D7N59BJNV;
				ENABLE_PREVIEWS = YES;
				INFOPLIST_FILE = Kairos/Info.plist;
				IPHONEOS_DEPLOYMENT_TARGET = 14.2;
				LD_RUNPATH_SEARCH_PATHS = (
					"$(inherited)",
					"@executable_path/Frameworks",
				);
				MARKETING_VERSION = 1.0.1;
				PRODUCT_BUNDLE_IDENTIFIER = "Alexander-McCaffrey.Kairos";
				PRODUCT_NAME = "$(TARGET_NAME)";
				PROVISIONING_PROFILE_SPECIFIER = "";
				SWIFT_VERSION = 5.0;
				TARGETED_DEVICE_FAMILY = 1;
			};
			name = Release;
		};
		DC39087A242C6ABB00506DA3 /* Debug */ = {
			isa = XCBuildConfiguration;
			baseConfigurationReference = 9FEB15551D8926D95A7EAB94 /* Pods-KairosTests.debug.xcconfig */;
			buildSettings = {
				ALWAYS_EMBED_SWIFT_STANDARD_LIBRARIES = YES;
				BUNDLE_LOADER = "$(TEST_HOST)";
				CODE_SIGN_STYLE = Automatic;
				INFOPLIST_FILE = KairosTests/Info.plist;
				IPHONEOS_DEPLOYMENT_TARGET = 13.4;
				LD_RUNPATH_SEARCH_PATHS = (
					"$(inherited)",
					"@executable_path/Frameworks",
					"@loader_path/Frameworks",
				);
				PRODUCT_BUNDLE_IDENTIFIER = "Alex-McCaffrey.KairosTests";
				PRODUCT_NAME = "$(TARGET_NAME)";
				SWIFT_VERSION = 5.0;
				TARGETED_DEVICE_FAMILY = "1,2";
				TEST_HOST = "$(BUILT_PRODUCTS_DIR)/Kairos.app/Kairos";
			};
			name = Debug;
		};
		DC39087B242C6ABB00506DA3 /* Release */ = {
			isa = XCBuildConfiguration;
			baseConfigurationReference = D890207FB8A21CB017502583 /* Pods-KairosTests.release.xcconfig */;
			buildSettings = {
				ALWAYS_EMBED_SWIFT_STANDARD_LIBRARIES = YES;
				BUNDLE_LOADER = "$(TEST_HOST)";
				CODE_SIGN_STYLE = Automatic;
				INFOPLIST_FILE = KairosTests/Info.plist;
				IPHONEOS_DEPLOYMENT_TARGET = 13.4;
				LD_RUNPATH_SEARCH_PATHS = (
					"$(inherited)",
					"@executable_path/Frameworks",
					"@loader_path/Frameworks",
				);
				PRODUCT_BUNDLE_IDENTIFIER = "Alex-McCaffrey.KairosTests";
				PRODUCT_NAME = "$(TARGET_NAME)";
				SWIFT_VERSION = 5.0;
				TARGETED_DEVICE_FAMILY = "1,2";
				TEST_HOST = "$(BUILT_PRODUCTS_DIR)/Kairos.app/Kairos";
			};
			name = Release;
		};
		DC39087D242C6ABB00506DA3 /* Debug */ = {
			isa = XCBuildConfiguration;
			baseConfigurationReference = 1521B6A7B67A10B5E8F9375E /* Pods-KairosUITests.debug.xcconfig */;
			buildSettings = {
				ALWAYS_EMBED_SWIFT_STANDARD_LIBRARIES = YES;
				CODE_SIGN_STYLE = Automatic;
				INFOPLIST_FILE = KairosUITests/Info.plist;
				LD_RUNPATH_SEARCH_PATHS = (
					"$(inherited)",
					"@executable_path/Frameworks",
					"@loader_path/Frameworks",
				);
				PRODUCT_BUNDLE_IDENTIFIER = "Alex-McCaffrey.KairosUITests";
				PRODUCT_NAME = "$(TARGET_NAME)";
				SWIFT_VERSION = 5.0;
				TARGETED_DEVICE_FAMILY = "1,2";
				TEST_TARGET_NAME = Kairos;
			};
			name = Debug;
		};
		DC39087E242C6ABB00506DA3 /* Release */ = {
			isa = XCBuildConfiguration;
			baseConfigurationReference = 162E11E262AB1526009B7739 /* Pods-KairosUITests.release.xcconfig */;
			buildSettings = {
				ALWAYS_EMBED_SWIFT_STANDARD_LIBRARIES = YES;
				CODE_SIGN_STYLE = Automatic;
				INFOPLIST_FILE = KairosUITests/Info.plist;
				LD_RUNPATH_SEARCH_PATHS = (
					"$(inherited)",
					"@executable_path/Frameworks",
					"@loader_path/Frameworks",
				);
				PRODUCT_BUNDLE_IDENTIFIER = "Alex-McCaffrey.KairosUITests";
				PRODUCT_NAME = "$(TARGET_NAME)";
				SWIFT_VERSION = 5.0;
				TARGETED_DEVICE_FAMILY = "1,2";
				TEST_TARGET_NAME = Kairos;
			};
			name = Release;
		};
/* End XCBuildConfiguration section */

/* Begin XCConfigurationList section */
		DC390847242C6ABA00506DA3 /* Build configuration list for PBXProject "Kairos" */ = {
			isa = XCConfigurationList;
			buildConfigurations = (
				DC390874242C6ABB00506DA3 /* Debug */,
				DC390875242C6ABB00506DA3 /* Release */,
			);
			defaultConfigurationIsVisible = 0;
			defaultConfigurationName = Release;
		};
		DC390876242C6ABB00506DA3 /* Build configuration list for PBXNativeTarget "Kairos" */ = {
			isa = XCConfigurationList;
			buildConfigurations = (
				DC390877242C6ABB00506DA3 /* Debug */,
				DC390878242C6ABB00506DA3 /* Release */,
			);
			defaultConfigurationIsVisible = 0;
			defaultConfigurationName = Release;
		};
		DC390879242C6ABB00506DA3 /* Build configuration list for PBXNativeTarget "KairosTests" */ = {
			isa = XCConfigurationList;
			buildConfigurations = (
				DC39087A242C6ABB00506DA3 /* Debug */,
				DC39087B242C6ABB00506DA3 /* Release */,
			);
			defaultConfigurationIsVisible = 0;
			defaultConfigurationName = Release;
		};
		DC39087C242C6ABB00506DA3 /* Build configuration list for PBXNativeTarget "KairosUITests" */ = {
			isa = XCConfigurationList;
			buildConfigurations = (
				DC39087D242C6ABB00506DA3 /* Debug */,
				DC39087E242C6ABB00506DA3 /* Release */,
			);
			defaultConfigurationIsVisible = 0;
			defaultConfigurationName = Release;
		};
/* End XCConfigurationList section */

/* Begin XCRemoteSwiftPackageReference section */
		DC14A653255CDB3D00F6FDD2 /* XCRemoteSwiftPackageReference "swiftui-sliders" */ = {
			isa = XCRemoteSwiftPackageReference;
			repositoryURL = "https://github.com/alexmmccaffrey/swiftui-sliders";
			requirement = {
				branch = master;
				kind = branch;
			};
		};
/* End XCRemoteSwiftPackageReference section */

/* Begin XCSwiftPackageProductDependency section */
		DC14A654255CDB3D00F6FDD2 /* Sliders */ = {
			isa = XCSwiftPackageProductDependency;
			package = DC14A653255CDB3D00F6FDD2 /* XCRemoteSwiftPackageReference "swiftui-sliders" */;
			productName = Sliders;
		};
/* End XCSwiftPackageProductDependency section */
	};
	rootObject = DC390844242C6ABA00506DA3 /* Project object */;
}
